{
  "name": "@jupyterlab/toc",
  "version": "0.2.1",
  "lockfileVersion": 1,
  "requires": true,
  "dependencies": {
    "@jupyterlab/application": {
      "version": "0.16.3",
      "resolved": "https://registry.npmjs.org/@jupyterlab/application/-/application-0.16.3.tgz",
      "integrity": "sha512-ULqbBre9hTOzX++0gWZrLIh83JcQ6zktsODxpoJ426SeQDyO5MyEUFAQHRrzkSC536lcfWiH2XoV5CVeGxNMTg==",
      "requires": {
        "@jupyterlab/apputils": "0.16.4",
        "@jupyterlab/coreutils": "1.1.3",
        "@jupyterlab/docregistry": "0.16.3",
        "@jupyterlab/rendermime": "0.16.3",
        "@jupyterlab/rendermime-interfaces": "1.0.10",
        "@jupyterlab/services": "2.0.3",
        "@phosphor/algorithm": "1.1.2",
        "@phosphor/application": "1.6.0",
        "@phosphor/commands": "1.5.0",
        "@phosphor/coreutils": "1.3.0",
        "@phosphor/disposable": "1.1.2",
        "@phosphor/messaging": "1.2.2",
        "@phosphor/properties": "1.1.2",
        "@phosphor/signaling": "1.2.2",
        "@phosphor/widgets": "1.6.0"
      }
    },
    "@jupyterlab/apputils": {
      "version": "0.16.4",
      "resolved": "https://registry.npmjs.org/@jupyterlab/apputils/-/apputils-0.16.4.tgz",
      "integrity": "sha512-HC9EbpnuH4YgqtnvqniEbCBaAv8C5DEYaoONAUGNB+r9Z30MzZnJf5zdDpTkng5yYxmOJbILZhwyHeczzY9C6A==",
      "requires": {
        "@jupyterlab/coreutils": "1.1.3",
        "@jupyterlab/services": "2.0.3",
        "@phosphor/algorithm": "1.1.2",
        "@phosphor/commands": "1.5.0",
        "@phosphor/coreutils": "1.3.0",
        "@phosphor/disposable": "1.1.2",
        "@phosphor/domutils": "1.1.2",
        "@phosphor/messaging": "1.2.2",
        "@phosphor/properties": "1.1.2",
        "@phosphor/signaling": "1.2.2",
        "@phosphor/virtualdom": "1.1.2",
        "@phosphor/widgets": "1.6.0",
        "@types/react": "16.0.41",
        "react": "16.2.0",
        "react-dom": "16.2.0",
        "sanitize-html": "1.14.3"
      }
    },
    "@jupyterlab/cells": {
      "version": "0.16.3",
      "resolved": "https://registry.npmjs.org/@jupyterlab/cells/-/cells-0.16.3.tgz",
      "integrity": "sha512-OYfcE+swrZoGcpW5JeIibrY/oYvaPMTllYxtIWWpLeB9x2ufP1ZottuMDsHDLQYHK+7pwik+J5+KgzKowklHiQ==",
      "requires": {
        "@jupyterlab/apputils": "0.16.4",
        "@jupyterlab/codeeditor": "0.16.2",
        "@jupyterlab/codemirror": "0.16.3",
        "@jupyterlab/coreutils": "1.1.3",
        "@jupyterlab/observables": "1.0.10",
        "@jupyterlab/outputarea": "0.16.3",
        "@jupyterlab/rendermime": "0.16.3",
        "@jupyterlab/services": "2.0.3",
        "@phosphor/coreutils": "1.3.0",
        "@phosphor/messaging": "1.2.2",
        "@phosphor/signaling": "1.2.2",
        "@phosphor/widgets": "1.6.0",
        "react": "16.2.0"
      }
    },
    "@jupyterlab/codeeditor": {
      "version": "0.16.2",
      "resolved": "https://registry.npmjs.org/@jupyterlab/codeeditor/-/codeeditor-0.16.2.tgz",
      "integrity": "sha512-KGYQUC2okIdY9a/4M6EGH/wZpM/cvrvybcI+O/Y7G0MbDVVn9xHt9RLMlk7pHvJgIfjL8Bp4boux2iY2xqLJ2Q==",
      "requires": {
        "@jupyterlab/coreutils": "1.1.3",
        "@jupyterlab/observables": "1.0.10",
        "@phosphor/coreutils": "1.3.0",
        "@phosphor/disposable": "1.1.2",
        "@phosphor/messaging": "1.2.2",
        "@phosphor/signaling": "1.2.2",
        "@phosphor/widgets": "1.6.0",
        "react": "16.2.0",
        "react-dom": "16.2.0"
      }
    },
    "@jupyterlab/codemirror": {
      "version": "0.16.3",
      "resolved": "https://registry.npmjs.org/@jupyterlab/codemirror/-/codemirror-0.16.3.tgz",
      "integrity": "sha512-06ftGNma/FehRjR9eGc/k/Yp8ktPIAoiR3f6eyErcPQ/5SXySCbZIgn+A1wu9KjwvUP0Jn83xOcACSvZ3y9MvA==",
      "requires": {
        "@jupyterlab/apputils": "0.16.4",
        "@jupyterlab/codeeditor": "0.16.2",
        "@jupyterlab/coreutils": "1.1.3",
        "@jupyterlab/observables": "1.0.10",
        "@phosphor/algorithm": "1.1.2",
        "@phosphor/coreutils": "1.3.0",
        "@phosphor/disposable": "1.1.2",
        "@phosphor/signaling": "1.2.2",
        "codemirror": "5.35.0"
      }
    },
    "@jupyterlab/coreutils": {
      "version": "1.1.3",
      "resolved": "https://registry.npmjs.org/@jupyterlab/coreutils/-/coreutils-1.1.3.tgz",
      "integrity": "sha512-H6NgjZKHlDelN1tRsQn6mfO8lC04gcNe3e0ZWD9BTtI7/H4G+8oeEify1NJ9DkS6vl1fo5opsrtxwESnfZXqyw==",
      "requires": {
        "@phosphor/algorithm": "1.1.2",
        "@phosphor/coreutils": "1.3.0",
        "@phosphor/disposable": "1.1.2",
        "@phosphor/signaling": "1.2.2",
        "ajv": "5.1.6",
        "comment-json": "1.1.3",
        "minimist": "1.2.0",
        "moment": "2.21.0",
        "path-posix": "1.0.0",
        "url-parse": "1.1.9"
      }
    },
    "@jupyterlab/docmanager": {
      "version": "0.16.3",
      "resolved": "https://registry.npmjs.org/@jupyterlab/docmanager/-/docmanager-0.16.3.tgz",
      "integrity": "sha512-Blgvqicq8oleU65W6eHcjsqw2AKOVfiP4u5fsv281ckWtjYY7XOtcPtCYOrAapbm9zTRGs0TjS01QuICFlJvzw==",
      "requires": {
        "@jupyterlab/apputils": "0.16.4",
        "@jupyterlab/coreutils": "1.1.3",
        "@jupyterlab/docregistry": "0.16.3",
        "@jupyterlab/services": "2.0.3",
        "@phosphor/algorithm": "1.1.2",
        "@phosphor/coreutils": "1.3.0",
        "@phosphor/disposable": "1.1.2",
        "@phosphor/messaging": "1.2.2",
        "@phosphor/properties": "1.1.2",
        "@phosphor/signaling": "1.2.2",
        "@phosphor/widgets": "1.6.0"
      }
    },
    "@jupyterlab/docregistry": {
      "version": "0.16.3",
      "resolved": "https://registry.npmjs.org/@jupyterlab/docregistry/-/docregistry-0.16.3.tgz",
      "integrity": "sha512-c51ebeu5ZQLlJEEwZDGp+iqYY5C7Pbdxc1Mz/0GLIf5jhJZ7RgVEE+dIGsx+qEkt/97iXzdKYdElnxjUPaq/5A==",
      "requires": {
        "@jupyterlab/apputils": "0.16.4",
        "@jupyterlab/codeeditor": "0.16.2",
        "@jupyterlab/codemirror": "0.16.3",
        "@jupyterlab/coreutils": "1.1.3",
        "@jupyterlab/observables": "1.0.10",
        "@jupyterlab/rendermime": "0.16.3",
        "@jupyterlab/rendermime-interfaces": "1.0.10",
        "@jupyterlab/services": "2.0.3",
        "@phosphor/algorithm": "1.1.2",
        "@phosphor/coreutils": "1.3.0",
        "@phosphor/disposable": "1.1.2",
        "@phosphor/messaging": "1.2.2",
        "@phosphor/signaling": "1.2.2",
        "@phosphor/widgets": "1.6.0"
      }
    },
    "@jupyterlab/fileeditor": {
      "version": "0.16.3",
      "resolved": "https://registry.npmjs.org/@jupyterlab/fileeditor/-/fileeditor-0.16.3.tgz",
      "integrity": "sha512-T4Fcfs1lA11pNp5Lu8cZPoP/OhMkgNc4fAulpYKEbjfhUAqImaJSqds6Sa41W5i1zBfb/2rntYIIeYLaYLXIzQ==",
      "requires": {
        "@jupyterlab/apputils": "0.16.4",
        "@jupyterlab/codeeditor": "0.16.2",
        "@jupyterlab/coreutils": "1.1.3",
        "@jupyterlab/docregistry": "0.16.3",
        "@phosphor/coreutils": "1.3.0",
        "@phosphor/messaging": "1.2.2",
        "@phosphor/widgets": "1.6.0"
      }
    },
    "@jupyterlab/notebook": {
      "version": "0.16.3",
      "resolved": "https://registry.npmjs.org/@jupyterlab/notebook/-/notebook-0.16.3.tgz",
      "integrity": "sha512-NC7QuUkeWP5FP92+z0vDoiH6muqfOcY8UIN5FDC74hfbCyL+3AYIOz24Opo46Cdi2rkOOEoKZSa5yrvF2dJ5pQ==",
      "requires": {
        "@jupyterlab/apputils": "0.16.4",
        "@jupyterlab/cells": "0.16.3",
        "@jupyterlab/codeeditor": "0.16.2",
        "@jupyterlab/coreutils": "1.1.3",
        "@jupyterlab/docregistry": "0.16.3",
        "@jupyterlab/observables": "1.0.10",
        "@jupyterlab/rendermime": "0.16.3",
        "@jupyterlab/services": "2.0.3",
        "@phosphor/algorithm": "1.1.2",
        "@phosphor/coreutils": "1.3.0",
        "@phosphor/domutils": "1.1.2",
        "@phosphor/dragdrop": "1.3.0",
        "@phosphor/messaging": "1.2.2",
        "@phosphor/properties": "1.1.2",
        "@phosphor/signaling": "1.2.2",
        "@phosphor/virtualdom": "1.1.2",
        "@phosphor/widgets": "1.6.0",
        "react": "16.2.0"
      }
    },
    "@jupyterlab/observables": {
      "version": "1.0.10",
      "resolved": "https://registry.npmjs.org/@jupyterlab/observables/-/observables-1.0.10.tgz",
      "integrity": "sha512-HsWchDHXarPHwF/msP7DyLJmfTsmPc+1lL1sLgYzMvU1ARXKalzA3P5LLEyrgrCssemv+pO2IkUviJ0XQKg8eQ==",
      "requires": {
        "@phosphor/algorithm": "1.1.2",
        "@phosphor/coreutils": "1.3.0",
        "@phosphor/disposable": "1.1.2",
        "@phosphor/messaging": "1.2.2",
        "@phosphor/signaling": "1.2.2"
      }
    },
    "@jupyterlab/outputarea": {
      "version": "0.16.3",
      "resolved": "https://registry.npmjs.org/@jupyterlab/outputarea/-/outputarea-0.16.3.tgz",
      "integrity": "sha512-1920Fs7lKJA+aPBAd4gL0aDVaCYFQ/D6Nhrh5V48fC7Q8euBlnf1aeEAADMAkApp21Cy0JkHP9WDkReHF2JHxA==",
      "requires": {
        "@jupyterlab/apputils": "0.16.4",
        "@jupyterlab/coreutils": "1.1.3",
        "@jupyterlab/observables": "1.0.10",
        "@jupyterlab/rendermime": "0.16.3",
        "@jupyterlab/rendermime-interfaces": "1.0.10",
        "@jupyterlab/services": "2.0.3",
        "@phosphor/algorithm": "1.1.2",
        "@phosphor/coreutils": "1.3.0",
        "@phosphor/disposable": "1.1.2",
        "@phosphor/messaging": "1.2.2",
        "@phosphor/signaling": "1.2.2",
        "@phosphor/widgets": "1.6.0"
      }
    },
    "@jupyterlab/rendermime": {
      "version": "0.16.3",
      "resolved": "https://registry.npmjs.org/@jupyterlab/rendermime/-/rendermime-0.16.3.tgz",
      "integrity": "sha512-ze1WA6uiTn10YU9yiyX5sUuq6Q5ZMk5FbJx9u0i7WYsgeTybRLl11Y1ebeX63FUlloPh6rIjNpB4a9k0vLGL/w==",
      "requires": {
        "@jupyterlab/apputils": "0.16.4",
        "@jupyterlab/codemirror": "0.16.3",
        "@jupyterlab/coreutils": "1.1.3",
        "@jupyterlab/observables": "1.0.10",
        "@jupyterlab/rendermime-interfaces": "1.0.10",
        "@jupyterlab/services": "2.0.3",
        "@phosphor/coreutils": "1.3.0",
        "@phosphor/messaging": "1.2.2",
        "@phosphor/signaling": "1.2.2",
        "@phosphor/widgets": "1.6.0",
        "ansi_up": "3.0.0",
        "marked": "0.3.19"
      }
    },
    "@jupyterlab/rendermime-interfaces": {
      "version": "1.0.10",
      "resolved": "https://registry.npmjs.org/@jupyterlab/rendermime-interfaces/-/rendermime-interfaces-1.0.10.tgz",
      "integrity": "sha512-qApoEHdWmPtyBrvqQras478Nprgyw6Gk7PHT9c5W8lS4eJdNJKsi3zovkeRkUbcFdd2VBgDj/2fzxFMu6DnMUw==",
      "requires": {
        "@phosphor/coreutils": "1.3.0",
        "@phosphor/widgets": "1.6.0"
      }
    },
    "@jupyterlab/services": {
      "version": "2.0.3",
      "resolved": "https://registry.npmjs.org/@jupyterlab/services/-/services-2.0.3.tgz",
      "integrity": "sha512-613PALJSc16ce/W5butOnqOTUFspYACB0DQKydIuDVwFefxrdMIBNAk8pqVXih6D2NHQTwC0DZKGViYD8Hj6hg==",
      "requires": {
        "@jupyterlab/coreutils": "1.1.3",
        "@jupyterlab/observables": "1.0.10",
        "@phosphor/algorithm": "1.1.2",
        "@phosphor/coreutils": "1.3.0",
        "@phosphor/disposable": "1.1.2",
        "@phosphor/signaling": "1.2.2",
        "node-fetch": "1.7.3",
        "ws": "1.1.5"
      }
    },
    "@phosphor/algorithm": {
      "version": "1.1.2",
      "resolved": "https://registry.npmjs.org/@phosphor/algorithm/-/algorithm-1.1.2.tgz",
      "integrity": "sha1-/R3pEEyafzTpKGRYbd8ufy53eeg="
    },
    "@phosphor/application": {
      "version": "1.6.0",
      "resolved": "https://registry.npmjs.org/@phosphor/application/-/application-1.6.0.tgz",
      "integrity": "sha512-SeW2YFjtpmCYbZPpB4aTehyIsI/iGoSrV60Y4/OAp1CwDRT8eu1Rv276F67aermXQFjLK6c58JGucbhNq/BepQ==",
      "requires": {
        "@phosphor/commands": "1.5.0",
        "@phosphor/coreutils": "1.3.0",
        "@phosphor/widgets": "1.6.0"
      }
    },
    "@phosphor/collections": {
      "version": "1.1.2",
      "resolved": "https://registry.npmjs.org/@phosphor/collections/-/collections-1.1.2.tgz",
      "integrity": "sha1-xMC4uREpkF+zap8kPy273kYtq40=",
      "requires": {
        "@phosphor/algorithm": "1.1.2"
      }
    },
    "@phosphor/commands": {
      "version": "1.5.0",
      "resolved": "https://registry.npmjs.org/@phosphor/commands/-/commands-1.5.0.tgz",
      "integrity": "sha512-j8+hIlQZT3imFYVAPO3JxbCUbogOT65uUvUk9AsQXJahm7m8+3a7U4yACshjynJwMM6cxX1AEEo7PUgFwhL97g==",
      "requires": {
        "@phosphor/algorithm": "1.1.2",
        "@phosphor/coreutils": "1.3.0",
        "@phosphor/disposable": "1.1.2",
        "@phosphor/domutils": "1.1.2",
        "@phosphor/keyboard": "1.1.2",
        "@phosphor/signaling": "1.2.2"
      }
    },
    "@phosphor/coreutils": {
      "version": "1.3.0",
      "resolved": "https://registry.npmjs.org/@phosphor/coreutils/-/coreutils-1.3.0.tgz",
      "integrity": "sha1-YyktOBwBLFqw0Blug87YKbfgSkI="
    },
    "@phosphor/disposable": {
      "version": "1.1.2",
      "resolved": "https://registry.npmjs.org/@phosphor/disposable/-/disposable-1.1.2.tgz",
      "integrity": "sha1-oZLdai5sadXQnTns8zTauTd4Bg4=",
      "requires": {
        "@phosphor/algorithm": "1.1.2"
      }
    },
    "@phosphor/domutils": {
      "version": "1.1.2",
      "resolved": "https://registry.npmjs.org/@phosphor/domutils/-/domutils-1.1.2.tgz",
      "integrity": "sha1-4u/rBS85jEK5O4npurJq8VzABRQ="
    },
    "@phosphor/dragdrop": {
      "version": "1.3.0",
      "resolved": "https://registry.npmjs.org/@phosphor/dragdrop/-/dragdrop-1.3.0.tgz",
      "integrity": "sha1-fOatOdbKIW1ipW94EE0Cp3rmcwc=",
      "requires": {
        "@phosphor/coreutils": "1.3.0",
        "@phosphor/disposable": "1.1.2"
      }
    },
    "@phosphor/keyboard": {
      "version": "1.1.2",
      "resolved": "https://registry.npmjs.org/@phosphor/keyboard/-/keyboard-1.1.2.tgz",
      "integrity": "sha1-PjIjRFF2QkCpjhSANNWoeXQi3R8="
    },
    "@phosphor/messaging": {
      "version": "1.2.2",
      "resolved": "https://registry.npmjs.org/@phosphor/messaging/-/messaging-1.2.2.tgz",
      "integrity": "sha1-fYlt3TeXuUo0dwje0T2leD23XBQ=",
      "requires": {
        "@phosphor/algorithm": "1.1.2",
        "@phosphor/collections": "1.1.2"
      }
    },
    "@phosphor/properties": {
      "version": "1.1.2",
      "resolved": "https://registry.npmjs.org/@phosphor/properties/-/properties-1.1.2.tgz",
      "integrity": "sha1-eMx37/RSg52gIlXeSOgUlGzAmig="
    },
    "@phosphor/signaling": {
      "version": "1.2.2",
      "resolved": "https://registry.npmjs.org/@phosphor/signaling/-/signaling-1.2.2.tgz",
      "integrity": "sha1-P8+Xyojji/s1f+j+a/dRM0elFKk=",
      "requires": {
        "@phosphor/algorithm": "1.1.2"
      }
    },
    "@phosphor/virtualdom": {
      "version": "1.1.2",
      "resolved": "https://registry.npmjs.org/@phosphor/virtualdom/-/virtualdom-1.1.2.tgz",
      "integrity": "sha1-zlXIbu8x5dDiax3JbqMr1oRFj0E=",
      "requires": {
        "@phosphor/algorithm": "1.1.2"
      }
    },
    "@phosphor/widgets": {
      "version": "1.6.0",
      "resolved": "https://registry.npmjs.org/@phosphor/widgets/-/widgets-1.6.0.tgz",
      "integrity": "sha512-HqVckVF8rJ15ss0Zf/q0AJ69ZKNFOO26qtNKAdGZ9SmmkSMf73X6pB0R3Fj5+Y4Sjl8ezIIKG6mXj+DxOofnwA==",
      "requires": {
        "@phosphor/algorithm": "1.1.2",
        "@phosphor/commands": "1.5.0",
        "@phosphor/coreutils": "1.3.0",
        "@phosphor/disposable": "1.1.2",
        "@phosphor/domutils": "1.1.2",
        "@phosphor/dragdrop": "1.3.0",
        "@phosphor/keyboard": "1.1.2",
        "@phosphor/messaging": "1.2.2",
        "@phosphor/properties": "1.1.2",
        "@phosphor/signaling": "1.2.2",
        "@phosphor/virtualdom": "1.1.2"
      }
    },
    "@types/node": {
      "version": "10.5.2",
      "resolved": "https://registry.npmjs.org/@types/node/-/node-10.5.2.tgz",
      "integrity": "sha512-m9zXmifkZsMHZBOyxZWilMwmTlpC8x5Ty360JKTiXvlXZfBWYpsg9ZZvP/Ye+iZUh+Q+MxDLjItVTWIsfwz+8Q==",
      "dev": true
    },
    "@types/react": {
      "version": "16.0.41",
      "resolved": "https://registry.npmjs.org/@types/react/-/react-16.0.41.tgz",
      "integrity": "sha512-hbAKPclom+NzM/iqB9JmP7UfWl0j/xsOIzWCB8iIJ7Dq0BlY80IeulgHwod2EOYILD5hc/DJAJvMFKfczdWBsQ=="
    },
    "@types/react-dom": {
      "version": "16.0.6",
      "resolved": "https://registry.npmjs.org/@types/react-dom/-/react-dom-16.0.6.tgz",
      "integrity": "sha512-M+1zmwa5KxUpkCuxA4whlDJKYTGNvNQW4pIoCLH16xGbClicD9CzPry4y94kTjCCk/bJZCZ/GVqUsP7eKcO/mQ==",
      "dev": true,
      "requires": {
        "@types/node": "10.5.2",
        "@types/react": "16.0.41"
      }
    },
    "ajv": {
      "version": "5.1.6",
      "resolved": "https://registry.npmjs.org/ajv/-/ajv-5.1.6.tgz",
      "integrity": "sha1-Sy8aGd7Ok9V6whYDfj6XkcfdFWQ=",
      "requires": {
        "co": "4.6.0",
        "json-schema-traverse": "0.3.1",
        "json-stable-stringify": "1.0.1"
      }
    },
    "ansi_up": {
      "version": "3.0.0",
      "resolved": "https://registry.npmjs.org/ansi_up/-/ansi_up-3.0.0.tgz",
      "integrity": "sha1-J/Rdj0V9nO/1nk6gPI5vE8GjA+g="
    },
    "asap": {
      "version": "2.0.6",
      "resolved": "https://registry.npmjs.org/asap/-/asap-2.0.6.tgz",
      "integrity": "sha1-5QNHYR1+aQlDIIu9r+vLwvuGbUY="
    },
    "balanced-match": {
      "version": "1.0.0",
      "resolved": "https://registry.npmjs.org/balanced-match/-/balanced-match-1.0.0.tgz",
      "integrity": "sha1-ibTRmasr7kneFk6gK4nORi1xt2c=",
      "dev": true
    },
    "brace-expansion": {
      "version": "1.1.11",
      "resolved": "https://registry.npmjs.org/brace-expansion/-/brace-expansion-1.1.11.tgz",
      "integrity": "sha512-iCuPHDFgrHX7H2vEI/5xpz07zSHB00TpugqhmYtVmMO6518mCuRMoOYFldEBl0g187ufozdaHgWKcYFb61qGiA==",
      "dev": true,
      "requires": {
        "balanced-match": "1.0.0",
        "concat-map": "0.0.1"
      }
    },
    "co": {
      "version": "4.6.0",
      "resolved": "https://registry.npmjs.org/co/-/co-4.6.0.tgz",
      "integrity": "sha1-bqa989hTrlTMuOR7+gvz+QMfsYQ="
    },
    "codemirror": {
      "version": "5.35.0",
      "resolved": "https://registry.npmjs.org/codemirror/-/codemirror-5.35.0.tgz",
      "integrity": "sha512-8HQICjZlDfe1ai7bvU6m2uHxuZuFgsUCdDRU9OHVB+2RTRd+FftN1ezVCqbquG0Fyq+wETqyadKhUX46DswSUQ=="
    },
    "comment-json": {
      "version": "1.1.3",
      "resolved": "https://registry.npmjs.org/comment-json/-/comment-json-1.1.3.tgz",
      "integrity": "sha1-aYbDMw/uDEyeAMI5jNYa+l2PI54=",
      "requires": {
        "json-parser": "1.1.5"
      }
    },
    "concat-map": {
      "version": "0.0.1",
      "resolved": "https://registry.npmjs.org/concat-map/-/concat-map-0.0.1.tgz",
      "integrity": "sha1-2Klr13/Wjfd5OnMDajug1UBdR3s=",
      "dev": true
    },
    "core-js": {
      "version": "1.2.7",
      "resolved": "https://registry.npmjs.org/core-js/-/core-js-1.2.7.tgz",
      "integrity": "sha1-ZSKUwUZR2yj6k70tX/KYOk8IxjY="
    },
    "core-util-is": {
      "version": "1.0.2",
      "resolved": "https://registry.npmjs.org/core-util-is/-/core-util-is-1.0.2.tgz",
      "integrity": "sha1-tf1UIgqivFq1eqtxQMlAdUUDwac="
    },
    "dom-serializer": {
      "version": "0.1.0",
      "resolved": "https://registry.npmjs.org/dom-serializer/-/dom-serializer-0.1.0.tgz",
      "integrity": "sha1-BzxpdUbOB4DOI75KKOKT5AvDDII=",
      "requires": {
        "domelementtype": "1.1.3",
        "entities": "1.1.1"
      },
      "dependencies": {
        "domelementtype": {
          "version": "1.1.3",
          "resolved": "https://registry.npmjs.org/domelementtype/-/domelementtype-1.1.3.tgz",
          "integrity": "sha1-vSh3PiZCiBrsUVRJJCmcXNgiGFs="
        }
      }
    },
    "domelementtype": {
      "version": "1.3.0",
      "resolved": "https://registry.npmjs.org/domelementtype/-/domelementtype-1.3.0.tgz",
      "integrity": "sha1-sXrtguirWeUt2cGbF1bg/BhyBMI="
    },
    "domhandler": {
      "version": "2.4.2",
      "resolved": "https://registry.npmjs.org/domhandler/-/domhandler-2.4.2.tgz",
      "integrity": "sha512-JiK04h0Ht5u/80fdLMCEmV4zkNh2BcoMFBmZ/91WtYZ8qVXSKjiw7fXMgFPnHcSZgOo3XdinHvmnDUeMf5R4wA==",
      "requires": {
        "domelementtype": "1.3.0"
      }
    },
    "domutils": {
      "version": "1.7.0",
      "resolved": "https://registry.npmjs.org/domutils/-/domutils-1.7.0.tgz",
      "integrity": "sha512-Lgd2XcJ/NjEw+7tFvfKxOzCYKZsdct5lczQ2ZaQY8Djz7pfAD3Gbp8ySJWtreII/vDlMVmxwa6pHmdxIYgttDg==",
      "requires": {
        "dom-serializer": "0.1.0",
        "domelementtype": "1.3.0"
      }
    },
    "encoding": {
      "version": "0.1.12",
      "resolved": "https://registry.npmjs.org/encoding/-/encoding-0.1.12.tgz",
      "integrity": "sha1-U4tm8+5izRq1HsMjgp0flIDHS+s=",
      "requires": {
        "iconv-lite": "0.4.23"
      }
    },
    "entities": {
      "version": "1.1.1",
      "resolved": "https://registry.npmjs.org/entities/-/entities-1.1.1.tgz",
      "integrity": "sha1-blwtClYhtdra7O+AuQ7ftc13cvA="
    },
    "esprima": {
      "version": "2.7.3",
      "resolved": "https://registry.npmjs.org/esprima/-/esprima-2.7.3.tgz",
      "integrity": "sha1-luO3DVd59q1JzQMmc9HDEnZ7pYE="
    },
    "fbjs": {
      "version": "0.8.17",
      "resolved": "https://registry.npmjs.org/fbjs/-/fbjs-0.8.17.tgz",
      "integrity": "sha1-xNWY6taUkRJlPWWIsBpc3Nn5D90=",
      "requires": {
        "core-js": "1.2.7",
        "isomorphic-fetch": "2.2.1",
        "loose-envify": "1.4.0",
        "object-assign": "4.1.1",
        "promise": "7.3.1",
        "setimmediate": "1.0.5",
        "ua-parser-js": "0.7.18"
      }
    },
    "fs.realpath": {
      "version": "1.0.0",
      "resolved": "https://registry.npmjs.org/fs.realpath/-/fs.realpath-1.0.0.tgz",
      "integrity": "sha1-FQStJSMVjKpA20onh8sBQRmU6k8=",
      "dev": true
    },
    "glob": {
      "version": "7.1.2",
      "resolved": "https://registry.npmjs.org/glob/-/glob-7.1.2.tgz",
      "integrity": "sha512-MJTUg1kjuLeQCJ+ccE4Vpa6kKVXkPYJ2mOCQyUuKLcLQsdrMCpBPUi8qVE6+YuaJkozeA9NusTAw3hLr8Xe5EQ==",
      "dev": true,
      "requires": {
        "fs.realpath": "1.0.0",
        "inflight": "1.0.6",
        "inherits": "2.0.3",
        "minimatch": "3.0.4",
        "once": "1.4.0",
        "path-is-absolute": "1.0.1"
      }
    },
    "htmlparser2": {
      "version": "3.9.2",
      "resolved": "https://registry.npmjs.org/htmlparser2/-/htmlparser2-3.9.2.tgz",
      "integrity": "sha1-G9+HrMoPP55T+k/M6w9LTLsAszg=",
      "requires": {
        "domelementtype": "1.3.0",
        "domhandler": "2.4.2",
        "domutils": "1.7.0",
        "entities": "1.1.1",
        "inherits": "2.0.3",
        "readable-stream": "2.3.6"
      }
    },
    "iconv-lite": {
      "version": "0.4.23",
      "resolved": "https://registry.npmjs.org/iconv-lite/-/iconv-lite-0.4.23.tgz",
      "integrity": "sha512-neyTUVFtahjf0mB3dZT77u+8O0QB89jFdnBkd5P1JgYPbPaia3gXXOVL2fq8VyU2gMMD7SaN7QukTB/pmXYvDA==",
      "requires": {
        "safer-buffer": "2.1.2"
      }
    },
    "inflight": {
      "version": "1.0.6",
      "resolved": "https://registry.npmjs.org/inflight/-/inflight-1.0.6.tgz",
      "integrity": "sha1-Sb1jMdfQLQwJvJEKEHW6gWW1bfk=",
      "dev": true,
      "requires": {
        "once": "1.4.0",
        "wrappy": "1.0.2"
      }
    },
    "inherits": {
      "version": "2.0.3",
      "resolved": "https://registry.npmjs.org/inherits/-/inherits-2.0.3.tgz",
      "integrity": "sha1-Yzwsg+PaQqUC9SRmAiSA9CCCYd4="
    },
    "is-stream": {
      "version": "1.1.0",
      "resolved": "https://registry.npmjs.org/is-stream/-/is-stream-1.1.0.tgz",
      "integrity": "sha1-EtSj3U5o4Lec6428hBc66A2RykQ="
    },
    "isarray": {
      "version": "1.0.0",
      "resolved": "https://registry.npmjs.org/isarray/-/isarray-1.0.0.tgz",
      "integrity": "sha1-u5NdSFgsuhaMBoNJV6VKPgcSTxE="
    },
    "isomorphic-fetch": {
      "version": "2.2.1",
      "resolved": "https://registry.npmjs.org/isomorphic-fetch/-/isomorphic-fetch-2.2.1.tgz",
      "integrity": "sha1-YRrhrPFPXoH3KVB0coGf6XM1WKk=",
      "requires": {
        "node-fetch": "1.7.3",
        "whatwg-fetch": "2.0.4"
      }
    },
    "js-tokens": {
      "version": "4.0.0",
      "resolved": "https://registry.npmjs.org/js-tokens/-/js-tokens-4.0.0.tgz",
      "integrity": "sha512-RdJUflcE3cUzKiMqQgsCu06FPu9UdIJO0beYbPhHN4k6apgJtifcoCtT9bcxOpYBtpD2kCM6Sbzg4CausW/PKQ=="
    },
    "json-parser": {
      "version": "1.1.5",
      "resolved": "https://registry.npmjs.org/json-parser/-/json-parser-1.1.5.tgz",
      "integrity": "sha1-5i7FJh0aal/CDoEqMgdAxtkAVnc=",
      "requires": {
        "esprima": "2.7.3"
      }
    },
    "json-schema-traverse": {
      "version": "0.3.1",
      "resolved": "https://registry.npmjs.org/json-schema-traverse/-/json-schema-traverse-0.3.1.tgz",
      "integrity": "sha1-NJptRMU6Ud6JtAgFxdXlm0F9M0A="
    },
    "json-stable-stringify": {
      "version": "1.0.1",
      "resolved": "https://registry.npmjs.org/json-stable-stringify/-/json-stable-stringify-1.0.1.tgz",
      "integrity": "sha1-mnWdOcXy/1A/1TAGRu1EX4jE+a8=",
      "requires": {
        "jsonify": "0.0.0"
      }
    },
    "jsonify": {
      "version": "0.0.0",
      "resolved": "https://registry.npmjs.org/jsonify/-/jsonify-0.0.0.tgz",
      "integrity": "sha1-LHS27kHZPKUbe1qu6PUDYx0lKnM="
    },
    "lodash.escaperegexp": {
      "version": "4.1.2",
      "resolved": "https://registry.npmjs.org/lodash.escaperegexp/-/lodash.escaperegexp-4.1.2.tgz",
      "integrity": "sha1-ZHYsSGGAglGKw99Mz11YhtriA0c="
    },
    "loose-envify": {
      "version": "1.4.0",
      "resolved": "https://registry.npmjs.org/loose-envify/-/loose-envify-1.4.0.tgz",
      "integrity": "sha512-lyuxPGr/Wfhrlem2CL/UcnUc1zcqKAImBDzukY7Y5F/yQiNdko6+fRLevlw1HgMySw7f611UIY408EtxRSoK3Q==",
      "requires": {
        "js-tokens": "4.0.0"
      }
    },
    "marked": {
      "version": "0.3.19",
      "resolved": "https://registry.npmjs.org/marked/-/marked-0.3.19.tgz",
      "integrity": "sha512-ea2eGWOqNxPcXv8dyERdSr/6FmzvWwzjMxpfGB/sbMccXoct+xY+YukPD+QTUZwyvK7BZwcr4m21WBOW41pAkg=="
    },
    "minimatch": {
      "version": "3.0.4",
      "resolved": "https://registry.npmjs.org/minimatch/-/minimatch-3.0.4.tgz",
      "integrity": "sha512-yJHVQEhyqPLUTgt9B83PXu6W3rx4MvvHvSUvToogpwoGDOUQ+yDrR0HRot+yOCdCO7u4hX3pWft6kWBBcqh0UA==",
      "dev": true,
      "requires": {
        "brace-expansion": "1.1.11"
      }
    },
    "minimist": {
      "version": "1.2.0",
      "resolved": "https://registry.npmjs.org/minimist/-/minimist-1.2.0.tgz",
      "integrity": "sha1-o1AIsg9BOD7sH7kU9M1d95omQoQ="
    },
    "moment": {
      "version": "2.21.0",
      "resolved": "https://registry.npmjs.org/moment/-/moment-2.21.0.tgz",
      "integrity": "sha512-TCZ36BjURTeFTM/CwRcViQlfkMvL1/vFISuNLO5GkcVm1+QHfbSiNqZuWeMFjj1/3+uAjXswgRk30j1kkLYJBQ=="
    },
    "node-fetch": {
      "version": "1.7.3",
      "resolved": "https://registry.npmjs.org/node-fetch/-/node-fetch-1.7.3.tgz",
      "integrity": "sha512-NhZ4CsKx7cYm2vSrBAr2PvFOe6sWDf0UYLRqA6svUYg7+/TSfVAu49jYC4BvQ4Sms9SZgdqGBgroqfDhJdTyKQ==",
      "requires": {
        "encoding": "0.1.12",
        "is-stream": "1.1.0"
      }
    },
    "object-assign": {
      "version": "4.1.1",
      "resolved": "https://registry.npmjs.org/object-assign/-/object-assign-4.1.1.tgz",
      "integrity": "sha1-IQmtx5ZYh8/AXLvUQsrIv7s2CGM="
    },
    "once": {
      "version": "1.4.0",
      "resolved": "https://registry.npmjs.org/once/-/once-1.4.0.tgz",
      "integrity": "sha1-WDsap3WWHUsROsF9nFC6753Xa9E=",
      "dev": true,
      "requires": {
        "wrappy": "1.0.2"
      }
    },
    "options": {
      "version": "0.0.6",
      "resolved": "https://registry.npmjs.org/options/-/options-0.0.6.tgz",
      "integrity": "sha1-7CLTEoBrtT5zF3Pnza788cZDEo8="
    },
    "path-is-absolute": {
      "version": "1.0.1",
      "resolved": "https://registry.npmjs.org/path-is-absolute/-/path-is-absolute-1.0.1.tgz",
      "integrity": "sha1-F0uSaHNVNP+8es5r9TpanhtcX18=",
      "dev": true
    },
    "path-posix": {
      "version": "1.0.0",
      "resolved": "https://registry.npmjs.org/path-posix/-/path-posix-1.0.0.tgz",
      "integrity": "sha1-BrJhE/Vr6rBCVFojv6iAA8ysJg8="
    },
    "process-nextick-args": {
      "version": "2.0.0",
      "resolved": "https://registry.npmjs.org/process-nextick-args/-/process-nextick-args-2.0.0.tgz",
      "integrity": "sha512-MtEC1TqN0EU5nephaJ4rAtThHtC86dNN9qCuEhtshvpVBkAW5ZO7BASN9REnF9eoXGcRub+pFuKEpOHE+HbEMw=="
    },
    "promise": {
      "version": "7.3.1",
      "resolved": "https://registry.npmjs.org/promise/-/promise-7.3.1.tgz",
      "integrity": "sha512-nolQXZ/4L+bP/UGlkfaIujX9BKxGwmQ9OT4mOt5yvy8iK1h3wqTEJCijzGANTCCl9nWjY41juyAn2K3Q1hLLTg==",
      "requires": {
        "asap": "2.0.6"
      }
    },
    "prop-types": {
      "version": "15.6.2",
      "resolved": "https://registry.npmjs.org/prop-types/-/prop-types-15.6.2.tgz",
      "integrity": "sha512-3pboPvLiWD7dkI3qf3KbUe6hKFKa52w+AE0VCqECtf+QHAKgOL37tTaNCnuX1nAAQ4ZhyP+kYVKf8rLmJ/feDQ==",
      "requires": {
        "loose-envify": "1.4.0",
        "object-assign": "4.1.1"
      }
    },
    "querystringify": {
      "version": "1.0.0",
      "resolved": "https://registry.npmjs.org/querystringify/-/querystringify-1.0.0.tgz",
      "integrity": "sha1-YoYkIRLFtxL6ZU5SZlK/ahP/Bcs="
    },
    "react": {
      "version": "16.2.0",
      "resolved": "https://registry.npmjs.org/react/-/react-16.2.0.tgz",
      "integrity": "sha512-ZmIomM7EE1DvPEnSFAHZn9Vs9zJl5A9H7el0EGTE6ZbW9FKe/14IYAlPbC8iH25YarEQxZL+E8VW7Mi7kfQrDQ==",
      "requires": {
        "fbjs": "0.8.17",
        "loose-envify": "1.4.0",
        "object-assign": "4.1.1",
        "prop-types": "15.6.2"
      }
    },
    "react-dom": {
      "version": "16.2.0",
      "resolved": "https://registry.npmjs.org/react-dom/-/react-dom-16.2.0.tgz",
      "integrity": "sha512-zpGAdwHVn9K0091d+hr+R0qrjoJ84cIBFL2uU60KvWBPfZ7LPSrfqviTxGHWN0sjPZb2hxWzMexwrvJdKePvjg==",
      "requires": {
        "fbjs": "0.8.17",
        "loose-envify": "1.4.0",
        "object-assign": "4.1.1",
        "prop-types": "15.6.2"
      }
    },
    "readable-stream": {
      "version": "2.3.6",
      "resolved": "https://registry.npmjs.org/readable-stream/-/readable-stream-2.3.6.tgz",
      "integrity": "sha512-tQtKA9WIAhBF3+VLAseyMqZeBjW0AHJoxOtYqSUZNJxauErmLbVm2FW1y+J/YA9dUrAC39ITejlZWhVIwawkKw==",
      "requires": {
        "core-util-is": "1.0.2",
        "inherits": "2.0.3",
        "isarray": "1.0.0",
        "process-nextick-args": "2.0.0",
        "safe-buffer": "5.1.2",
        "string_decoder": "1.1.1",
        "util-deprecate": "1.0.2"
      }
    },
    "requires-port": {
      "version": "1.0.0",
      "resolved": "https://registry.npmjs.org/requires-port/-/requires-port-1.0.0.tgz",
      "integrity": "sha1-kl0mAdOaxIXgkc8NpcbmlNw9yv8="
    },
    "rimraf": {
      "version": "2.6.2",
      "resolved": "https://registry.npmjs.org/rimraf/-/rimraf-2.6.2.tgz",
      "integrity": "sha512-lreewLK/BlghmxtfH36YYVg1i8IAce4TI7oao75I1g245+6BctqTVQiBP3YUJ9C6DQOXJmkYR9X9fCLtCOJc5w==",
      "dev": true,
      "requires": {
        "glob": "7.1.2"
      }
    },
    "safe-buffer": {
      "version": "5.1.2",
      "resolved": "https://registry.npmjs.org/safe-buffer/-/safe-buffer-5.1.2.tgz",
      "integrity": "sha512-Gd2UZBJDkXlY7GbJxfsE8/nvKkUEU1G38c1siN6QP6a9PT9MmHB8GnpscSmMJSoF8LOIrt8ud/wPtojys4G6+g=="
    },
    "safer-buffer": {
      "version": "2.1.2",
      "resolved": "https://registry.npmjs.org/safer-buffer/-/safer-buffer-2.1.2.tgz",
      "integrity": "sha512-YZo3K82SD7Riyi0E1EQPojLz7kpepnSQI9IyPbHHg1XXXevb5dJI7tpyN2ADxGcQbHG7vcyRHk0cbwqcQriUtg=="
    },
    "sanitize-html": {
      "version": "1.14.3",
      "resolved": "https://registry.npmjs.org/sanitize-html/-/sanitize-html-1.14.3.tgz",
      "integrity": "sha512-6tjiqhsgfQYNS+5B078RKDij7hSnQtNbWNQVJMjbCYT7XMtBeJLKrqbMT6+o2kva6SqMubcy/CS76/Bs6z49SQ==",
      "requires": {
        "htmlparser2": "3.9.2",
        "lodash.escaperegexp": "4.1.2",
        "xtend": "4.0.1"
      }
    },
    "setimmediate": {
      "version": "1.0.5",
      "resolved": "https://registry.npmjs.org/setimmediate/-/setimmediate-1.0.5.tgz",
      "integrity": "sha1-KQy7Iy4waULX1+qbg3Mqt4VvgoU="
    },
    "string_decoder": {
      "version": "1.1.1",
      "resolved": "https://registry.npmjs.org/string_decoder/-/string_decoder-1.1.1.tgz",
      "integrity": "sha512-n/ShnvDi6FHbbVfviro+WojiFzv+s8MPMHBczVePfUpDJLwoLT0ht1l4YwBCbi8pJAveEEdnkHyPyTP/mzRfwg==",
      "requires": {
        "safe-buffer": "5.1.2"
      }
    },
    "typescript": {
      "version": "2.6.2",
      "resolved": "https://registry.npmjs.org/typescript/-/typescript-2.6.2.tgz",
      "integrity": "sha1-PFtv1/beCRQmkCfwPAlGdY92c6Q=",
      "dev": true
    },
    "ua-parser-js": {
      "version": "0.7.18",
      "resolved": "https://registry.npmjs.org/ua-parser-js/-/ua-parser-js-0.7.18.tgz",
      "integrity": "sha512-LtzwHlVHwFGTptfNSgezHp7WUlwiqb0gA9AALRbKaERfxwJoiX0A73QbTToxteIAuIaFshhgIZfqK8s7clqgnA=="
    },
    "ultron": {
      "version": "1.0.2",
      "resolved": "https://registry.npmjs.org/ultron/-/ultron-1.0.2.tgz",
      "integrity": "sha1-rOEWq1V80Zc4ak6I9GhTeMiy5Po="
    },
    "url-parse": {
      "version": "1.1.9",
      "resolved": "https://registry.npmjs.org/url-parse/-/url-parse-1.1.9.tgz",
      "integrity": "sha1-xn8dd11R8KGJEd17P/rSe7nlvRk=",
      "requires": {
        "querystringify": "1.0.0",
        "requires-port": "1.0.0"
      }
    },
    "util-deprecate": {
      "version": "1.0.2",
      "resolved": "https://registry.npmjs.org/util-deprecate/-/util-deprecate-1.0.2.tgz",
      "integrity": "sha1-RQ1Nyfpw3nMnYvvS1KKJgUGaDM8="
    },
    "whatwg-fetch": {
      "version": "2.0.4",
      "resolved": "https://registry.npmjs.org/whatwg-fetch/-/whatwg-fetch-2.0.4.tgz",
      "integrity": "sha512-dcQ1GWpOD/eEQ97k66aiEVpNnapVj90/+R+SXTPYGHpYBBypfKJEQjLrvMZ7YXbKm21gXd4NcuxUTjiv1YtLng=="
    },
    "wrappy": {
      "version": "1.0.2",
      "resolved": "https://registry.npmjs.org/wrappy/-/wrappy-1.0.2.tgz",
      "integrity": "sha1-tSQ9jz7BqjXxNkYFvA0QNuMKtp8=",
      "dev": true
    },
    "ws": {
      "version": "1.1.5",
      "resolved": "https://registry.npmjs.org/ws/-/ws-1.1.5.tgz",
      "integrity": "sha512-o3KqipXNUdS7wpQzBHSe180lBGO60SoK0yVo3CYJgb2MkobuWuBX6dhkYP5ORCLd55y+SaflMOV5fqAB53ux4w==",
      "requires": {
        "options": "0.0.6",
        "ultron": "1.0.2"
      }
    },
    "xtend": {
      "version": "4.0.1",
      "resolved": "https://registry.npmjs.org/xtend/-/xtend-4.0.1.tgz",
      "integrity": "sha1-pcbVMr5lbiPbgg77lDofBJmNY68="
    }
  }
}
