# THIS IS AN AUTOGENERATED FILE. DO NOT EDIT THIS FILE DIRECTLY.
# yarn lockfile v1


"@jupyterlab/application@^0.17.0-1":
  version "0.17.0-1"
  resolved "https://registry.yarnpkg.com/@jupyterlab/application/-/application-0.17.0-1.tgz#3b3902eb9df9568f6504d20041b213b35a8d181d"
  dependencies:
    "@jupyterlab/apputils" "^0.17.0-1"
    "@jupyterlab/coreutils" "^2.0.0-1"
    "@jupyterlab/docregistry" "^0.17.0-1"
    "@jupyterlab/rendermime" "^0.17.0-1"
    "@jupyterlab/rendermime-interfaces" "^1.1.0-1"
    "@jupyterlab/services" "^3.0.0-1"
    "@phosphor/algorithm" "^1.1.2"
    "@phosphor/application" "^1.6.0"
    "@phosphor/commands" "^1.5.0"
    "@phosphor/coreutils" "^1.3.0"
    "@phosphor/disposable" "^1.1.2"
    "@phosphor/messaging" "^1.2.2"
    "@phosphor/properties" "^1.1.2"
    "@phosphor/signaling" "^1.2.2"
    "@phosphor/widgets" "^1.6.0"

"@jupyterlab/apputils@^0.17.0-1":
  version "0.17.0-1"
  resolved "https://registry.yarnpkg.com/@jupyterlab/apputils/-/apputils-0.17.0-1.tgz#f4737571210010766efdf3273ced0e43b64de564"
  dependencies:
    "@jupyterlab/coreutils" "^2.0.0-1"
    "@jupyterlab/services" "^3.0.0-1"
    "@phosphor/algorithm" "^1.1.2"
    "@phosphor/commands" "^1.5.0"
    "@phosphor/coreutils" "^1.3.0"
    "@phosphor/disposable" "^1.1.2"
    "@phosphor/domutils" "^1.1.2"
    "@phosphor/messaging" "^1.2.2"
    "@phosphor/properties" "^1.1.2"
    "@phosphor/signaling" "^1.2.2"
    "@phosphor/virtualdom" "^1.1.2"
    "@phosphor/widgets" "^1.6.0"
    "@types/react" "~16.0.19"
    react "~16.4.0"
    react-dom "~16.4.0"
    sanitize-html "~1.14.3"

"@jupyterlab/codeeditor@^0.17.0-1":
  version "0.17.0-1"
  resolved "https://registry.yarnpkg.com/@jupyterlab/codeeditor/-/codeeditor-0.17.0-1.tgz#6346563f8612eb52fe4b5b672190a1832d1394c8"
  dependencies:
    "@jupyterlab/coreutils" "^2.0.0-1"
    "@jupyterlab/observables" "^2.0.0-1"
    "@phosphor/coreutils" "^1.3.0"
    "@phosphor/disposable" "^1.1.2"
    "@phosphor/messaging" "^1.2.2"
    "@phosphor/signaling" "^1.2.2"
    "@phosphor/widgets" "^1.6.0"
    react "~16.4.0"
    react-dom "~16.4.0"

"@jupyterlab/codemirror@^0.17.0-1":
  version "0.17.0-1"
  resolved "https://registry.yarnpkg.com/@jupyterlab/codemirror/-/codemirror-0.17.0-1.tgz#37f2932af90c66204624c9db2eda3e1cb4c71a59"
  dependencies:
    "@jupyterlab/apputils" "^0.17.0-1"
    "@jupyterlab/codeeditor" "^0.17.0-1"
    "@jupyterlab/coreutils" "^2.0.0-1"
    "@jupyterlab/observables" "^2.0.0-1"
    "@phosphor/algorithm" "^1.1.2"
    "@phosphor/coreutils" "^1.3.0"
    "@phosphor/disposable" "^1.1.2"
    "@phosphor/signaling" "^1.2.2"
    codemirror "~5.39.0"

"@jupyterlab/coreutils@^2.0.0-1":
  version "2.0.0-1"
  resolved "https://registry.yarnpkg.com/@jupyterlab/coreutils/-/coreutils-2.0.0-1.tgz#c37d4e3c566ca738788f4967bfd82c599917e460"
  dependencies:
    "@phosphor/algorithm" "^1.1.2"
    "@phosphor/coreutils" "^1.3.0"
    "@phosphor/disposable" "^1.1.2"
    "@phosphor/signaling" "^1.2.2"
    ajv "~5.1.6"
    comment-json "^1.1.3"
    minimist "~1.2.0"
    moment "~2.21.0"
    path-posix "~1.0.0"
    url-parse "~1.1.9"

"@jupyterlab/docregistry@^0.17.0-1":
  version "0.17.0-1"
  resolved "https://registry.yarnpkg.com/@jupyterlab/docregistry/-/docregistry-0.17.0-1.tgz#b92a2aa1e838d923e67136124bf7473fbbe52307"
  dependencies:
    "@jupyterlab/apputils" "^0.17.0-1"
    "@jupyterlab/codeeditor" "^0.17.0-1"
    "@jupyterlab/codemirror" "^0.17.0-1"
    "@jupyterlab/coreutils" "^2.0.0-1"
    "@jupyterlab/observables" "^2.0.0-1"
    "@jupyterlab/rendermime" "^0.17.0-1"
    "@jupyterlab/rendermime-interfaces" "^1.1.0-1"
    "@jupyterlab/services" "^3.0.0-1"
    "@phosphor/algorithm" "^1.1.2"
    "@phosphor/coreutils" "^1.3.0"
    "@phosphor/disposable" "^1.1.2"
    "@phosphor/messaging" "^1.2.2"
    "@phosphor/signaling" "^1.2.2"
    "@phosphor/widgets" "^1.6.0"

"@jupyterlab/observables@^2.0.0-1":
  version "2.0.0-1"
  resolved "https://registry.yarnpkg.com/@jupyterlab/observables/-/observables-2.0.0-1.tgz#40bb2aa42d9e04a945b600ac26d449795eed9a4d"
  dependencies:
    "@phosphor/algorithm" "^1.1.2"
    "@phosphor/coreutils" "^1.3.0"
    "@phosphor/disposable" "^1.1.2"
    "@phosphor/messaging" "^1.2.2"
    "@phosphor/signaling" "^1.2.2"

"@jupyterlab/rendermime-interfaces@^1.1.0-1":
  version "1.1.0-1"
  resolved "https://registry.yarnpkg.com/@jupyterlab/rendermime-interfaces/-/rendermime-interfaces-1.1.0-1.tgz#57f77b5b27175ce0b9dcf220af77857cc3d70d74"
  dependencies:
    "@phosphor/coreutils" "^1.3.0"
    "@phosphor/widgets" "^1.6.0"

"@jupyterlab/rendermime@^0.17.0-1":
  version "0.17.0-1"
  resolved "https://registry.yarnpkg.com/@jupyterlab/rendermime/-/rendermime-0.17.0-1.tgz#d9fcb770b9a43b1a62ce622dd4050ce9f83415d8"
  dependencies:
    "@jupyterlab/apputils" "^0.17.0-1"
    "@jupyterlab/codemirror" "^0.17.0-1"
    "@jupyterlab/coreutils" "^2.0.0-1"
    "@jupyterlab/observables" "^2.0.0-1"
    "@jupyterlab/rendermime-interfaces" "^1.1.0-1"
    "@jupyterlab/services" "^3.0.0-1"
    "@phosphor/algorithm" "^1.1.2"
    "@phosphor/coreutils" "^1.3.0"
    "@phosphor/messaging" "^1.2.2"
    "@phosphor/signaling" "^1.2.2"
    "@phosphor/widgets" "^1.6.0"
    ansi_up "^3.0.0"
    marked "~0.4.0"

"@jupyterlab/services@^3.0.0-1":
  version "3.0.0-1"
  resolved "https://registry.yarnpkg.com/@jupyterlab/services/-/services-3.0.0-1.tgz#e102ab5ec7777852ba060241948d7aed03c23631"
  dependencies:
    "@jupyterlab/coreutils" "^2.0.0-1"
    "@jupyterlab/observables" "^2.0.0-1"
    "@phosphor/algorithm" "^1.1.2"
    "@phosphor/coreutils" "^1.3.0"
    "@phosphor/disposable" "^1.1.2"
    "@phosphor/signaling" "^1.2.2"
    node-fetch "~1.7.3"
    ws "~1.1.4"

"@phosphor/algorithm@^1.1.2":
  version "1.1.2"
  resolved "https://registry.yarnpkg.com/@phosphor/algorithm/-/algorithm-1.1.2.tgz#fd1de9104c9a7f34e92864586ddf2e7f2e7779e8"

"@phosphor/application@^1.6.0":
  version "1.6.0"
  resolved "https://registry.yarnpkg.com/@phosphor/application/-/application-1.6.0.tgz#e1f1bf300680f982881d222a77b24ba8589d3fa2"
  dependencies:
    "@phosphor/commands" "^1.5.0"
    "@phosphor/coreutils" "^1.3.0"
    "@phosphor/widgets" "^1.6.0"

"@phosphor/collections@^1.1.2":
  version "1.1.2"
  resolved "https://registry.yarnpkg.com/@phosphor/collections/-/collections-1.1.2.tgz#c4c0b8b91129905fb36a9f243f2dbbde462dab8d"
  dependencies:
    "@phosphor/algorithm" "^1.1.2"

"@phosphor/commands@^1.5.0":
  version "1.5.0"
  resolved "https://registry.yarnpkg.com/@phosphor/commands/-/commands-1.5.0.tgz#68c137008e2d536828405fd4ebab43675d65d42b"
  dependencies:
    "@phosphor/algorithm" "^1.1.2"
    "@phosphor/coreutils" "^1.3.0"
    "@phosphor/disposable" "^1.1.2"
    "@phosphor/domutils" "^1.1.2"
    "@phosphor/keyboard" "^1.1.2"
    "@phosphor/signaling" "^1.2.2"

"@phosphor/coreutils@^1.3.0":
  version "1.3.0"
  resolved "https://registry.yarnpkg.com/@phosphor/coreutils/-/coreutils-1.3.0.tgz#63292d381c012c5ab0d0196e83ced829b7e04a42"

"@phosphor/disposable@^1.1.2":
  version "1.1.2"
  resolved "https://registry.yarnpkg.com/@phosphor/disposable/-/disposable-1.1.2.tgz#a192dd6a2e6c69d5d09d39ecf334dab93778060e"
  dependencies:
    "@phosphor/algorithm" "^1.1.2"

"@phosphor/domutils@^1.1.2":
  version "1.1.2"
  resolved "https://registry.yarnpkg.com/@phosphor/domutils/-/domutils-1.1.2.tgz#e2efeb052f398c42b93b89e9bab26af15cc00514"

"@phosphor/dragdrop@^1.3.0":
  version "1.3.0"
  resolved "https://registry.yarnpkg.com/@phosphor/dragdrop/-/dragdrop-1.3.0.tgz#7ce6ad39d6ca216d62a56f78104d02a77ae67307"
  dependencies:
    "@phosphor/coreutils" "^1.3.0"
    "@phosphor/disposable" "^1.1.2"

"@phosphor/keyboard@^1.1.2":
  version "1.1.2"
  resolved "https://registry.yarnpkg.com/@phosphor/keyboard/-/keyboard-1.1.2.tgz#3e32234451764240a98e148034d5a8797422dd1f"

"@phosphor/messaging@^1.2.2":
  version "1.2.2"
  resolved "https://registry.yarnpkg.com/@phosphor/messaging/-/messaging-1.2.2.tgz#7d896ddd3797b94a347708ded13da5783db75c14"
  dependencies:
    "@phosphor/algorithm" "^1.1.2"
    "@phosphor/collections" "^1.1.2"

"@phosphor/properties@^1.1.2":
  version "1.1.2"
  resolved "https://registry.yarnpkg.com/@phosphor/properties/-/properties-1.1.2.tgz#78cc77eff452839da02255de48e814946cc09a28"

"@phosphor/signaling@^1.2.2":
  version "1.2.2"
  resolved "https://registry.yarnpkg.com/@phosphor/signaling/-/signaling-1.2.2.tgz#3fcf97ca88e38bfb357fe8fe6bf7513347a514a9"
  dependencies:
    "@phosphor/algorithm" "^1.1.2"

"@phosphor/virtualdom@^1.1.2":
  version "1.1.2"
  resolved "https://registry.yarnpkg.com/@phosphor/virtualdom/-/virtualdom-1.1.2.tgz#ce55c86eef31e5d0e26b1dc96ea32bd684458f41"
  dependencies:
    "@phosphor/algorithm" "^1.1.2"

"@phosphor/widgets@^1.6.0":
  version "1.6.0"
  resolved "https://registry.yarnpkg.com/@phosphor/widgets/-/widgets-1.6.0.tgz#ebba8008b6b13247d03e73e5f3872c90d2c9c78f"
  dependencies:
    "@phosphor/algorithm" "^1.1.2"
    "@phosphor/commands" "^1.5.0"
    "@phosphor/coreutils" "^1.3.0"
    "@phosphor/disposable" "^1.1.2"
    "@phosphor/domutils" "^1.1.2"
    "@phosphor/dragdrop" "^1.3.0"
    "@phosphor/keyboard" "^1.1.2"
    "@phosphor/messaging" "^1.2.2"
    "@phosphor/properties" "^1.1.2"
    "@phosphor/signaling" "^1.2.2"
    "@phosphor/virtualdom" "^1.1.2"

"@types/react@~16.0.19":
  version "16.0.41"
  resolved "https://registry.yarnpkg.com/@types/react/-/react-16.0.41.tgz#72146737f4d439dc95a53315de4bfb43ac8542ca"

ajv@~5.1.6:
  version "5.1.6"
  resolved "https://registry.yarnpkg.com/ajv/-/ajv-5.1.6.tgz#4b2f1a19dece93d57ac216037e3e9791c7dd1564"
  dependencies:
    co "^4.6.0"
    json-schema-traverse "^0.3.0"
    json-stable-stringify "^1.0.1"

ansi_up@^3.0.0:
  version "3.0.0"
  resolved "https://registry.yarnpkg.com/ansi_up/-/ansi_up-3.0.0.tgz#27f45d8f457d9ceff59e4ea03c8e6f13c1a303e8"

asap@~2.0.3:
  version "2.0.6"
  resolved "https://registry.yarnpkg.com/asap/-/asap-2.0.6.tgz#e50347611d7e690943208bbdafebcbc2fb866d46"

balanced-match@^1.0.0:
  version "1.0.0"
  resolved "https://registry.yarnpkg.com/balanced-match/-/balanced-match-1.0.0.tgz#89b4d199ab2bee49de164ea02b89ce462d71b767"

brace-expansion@^1.1.7:
  version "1.1.11"
  resolved "https://registry.yarnpkg.com/brace-expansion/-/brace-expansion-1.1.11.tgz#3c7fcbf529d87226f3d2f52b966ff5271eb441dd"
  dependencies:
    balanced-match "^1.0.0"
    concat-map "0.0.1"

co@^4.6.0:
  version "4.6.0"
  resolved "https://registry.yarnpkg.com/co/-/co-4.6.0.tgz#6ea6bdf3d853ae54ccb8e47bfa0bf3f9031fb184"

codemirror@~5.39.0:
  version "5.39.0"
  resolved "https://registry.yarnpkg.com/codemirror/-/codemirror-5.39.0.tgz#4654f7d2f7e525e04a62e72d9482348ccb37dce5"

comment-json@^1.1.3:
  version "1.1.3"
  resolved "https://registry.yarnpkg.com/comment-json/-/comment-json-1.1.3.tgz#6986c3330fee0c4c9e00c2398cd61afa5d8f239e"
  dependencies:
    json-parser "^1.0.0"

concat-map@0.0.1:
  version "0.0.1"
  resolved "https://registry.yarnpkg.com/concat-map/-/concat-map-0.0.1.tgz#d8a96bd77fd68df7793a73036a3ba0d5405d477b"

core-js@^1.0.0:
  version "1.2.7"
  resolved "https://registry.yarnpkg.com/core-js/-/core-js-1.2.7.tgz#652294c14651db28fa93bd2d5ff2983a4f08c636"

core-util-is@~1.0.0:
  version "1.0.2"
  resolved "https://registry.yarnpkg.com/core-util-is/-/core-util-is-1.0.2.tgz#b5fd54220aa2bc5ab57aab7140c940754503c1a7"

dom-serializer@0:
  version "0.1.0"
  resolved "https://registry.yarnpkg.com/dom-serializer/-/dom-serializer-0.1.0.tgz#073c697546ce0780ce23be4a28e293e40bc30c82"
  dependencies:
    domelementtype "~1.1.1"
    entities "~1.1.1"

domelementtype@1, domelementtype@^1.3.0:
  version "1.3.0"
  resolved "https://registry.yarnpkg.com/domelementtype/-/domelementtype-1.3.0.tgz#b17aed82e8ab59e52dd9c19b1756e0fc187204c2"

domelementtype@~1.1.1:
  version "1.1.3"
  resolved "https://registry.yarnpkg.com/domelementtype/-/domelementtype-1.1.3.tgz#bd28773e2642881aec51544924299c5cd822185b"

domhandler@^2.3.0:
  version "2.4.2"
  resolved "https://registry.yarnpkg.com/domhandler/-/domhandler-2.4.2.tgz#8805097e933d65e85546f726d60f5eb88b44f803"
  dependencies:
    domelementtype "1"

domutils@^1.5.1:
  version "1.7.0"
  resolved "https://registry.yarnpkg.com/domutils/-/domutils-1.7.0.tgz#56ea341e834e06e6748af7a1cb25da67ea9f8c2a"
  dependencies:
    dom-serializer "0"
    domelementtype "1"

encoding@^0.1.11:
  version "0.1.12"
  resolved "https://registry.yarnpkg.com/encoding/-/encoding-0.1.12.tgz#538b66f3ee62cd1ab51ec323829d1f9480c74beb"
  dependencies:
    iconv-lite "~0.4.13"

entities@^1.1.1, entities@~1.1.1:
  version "1.1.1"
  resolved "https://registry.yarnpkg.com/entities/-/entities-1.1.1.tgz#6e5c2d0a5621b5dadaecef80b90edfb5cd7772f0"

esprima@^2.7.0:
  version "2.7.3"
  resolved "https://registry.yarnpkg.com/esprima/-/esprima-2.7.3.tgz#96e3b70d5779f6ad49cd032673d1c312767ba581"

fbjs@^0.8.16:
  version "0.8.17"
  resolved "https://registry.yarnpkg.com/fbjs/-/fbjs-0.8.17.tgz#c4d598ead6949112653d6588b01a5cdcd9f90fdd"
  dependencies:
    core-js "^1.0.0"
    isomorphic-fetch "^2.1.1"
    loose-envify "^1.0.0"
    object-assign "^4.1.0"
    promise "^7.1.1"
    setimmediate "^1.0.5"
    ua-parser-js "^0.7.18"

fs.realpath@^1.0.0:
  version "1.0.0"
  resolved "https://registry.yarnpkg.com/fs.realpath/-/fs.realpath-1.0.0.tgz#1504ad2523158caa40db4a2787cb01411994ea4f"

glob@^7.0.5:
  version "7.1.2"
  resolved "https://registry.yarnpkg.com/glob/-/glob-7.1.2.tgz#c19c9df9a028702d678612384a6552404c636d15"
  dependencies:
    fs.realpath "^1.0.0"
    inflight "^1.0.4"
    inherits "2"
    minimatch "^3.0.4"
    once "^1.3.0"
    path-is-absolute "^1.0.0"

htmlparser2@^3.9.0:
  version "3.9.2"
  resolved "https://registry.yarnpkg.com/htmlparser2/-/htmlparser2-3.9.2.tgz#1bdf87acca0f3f9e53fa4fcceb0f4b4cbb00b338"
  dependencies:
    domelementtype "^1.3.0"
    domhandler "^2.3.0"
    domutils "^1.5.1"
    entities "^1.1.1"
    inherits "^2.0.1"
    readable-stream "^2.0.2"

iconv-lite@~0.4.13:
  version "0.4.23"
  resolved "https://registry.yarnpkg.com/iconv-lite/-/iconv-lite-0.4.23.tgz#297871f63be507adcfbfca715d0cd0eed84e9a63"
  dependencies:
    safer-buffer ">= 2.1.2 < 3"

inflight@^1.0.4:
  version "1.0.6"
  resolved "https://registry.yarnpkg.com/inflight/-/inflight-1.0.6.tgz#49bd6331d7d02d0c09bc910a1075ba8165b56df9"
  dependencies:
    once "^1.3.0"
    wrappy "1"

inherits@2, inherits@^2.0.1, inherits@~2.0.3:
  version "2.0.3"
  resolved "https://registry.yarnpkg.com/inherits/-/inherits-2.0.3.tgz#633c2c83e3da42a502f52466022480f4208261de"

is-stream@^1.0.1:
  version "1.1.0"
  resolved "https://registry.yarnpkg.com/is-stream/-/is-stream-1.1.0.tgz#12d4a3dd4e68e0b79ceb8dbc84173ae80d91ca44"

isarray@~1.0.0:
  version "1.0.0"
  resolved "https://registry.yarnpkg.com/isarray/-/isarray-1.0.0.tgz#bb935d48582cba168c06834957a54a3e07124f11"

isomorphic-fetch@^2.1.1:
  version "2.2.1"
  resolved "https://registry.yarnpkg.com/isomorphic-fetch/-/isomorphic-fetch-2.2.1.tgz#611ae1acf14f5e81f729507472819fe9733558a9"
  dependencies:
    node-fetch "^1.0.1"
    whatwg-fetch ">=0.10.0"

js-tokens@^3.0.0:
  version "3.0.2"
  resolved "https://registry.yarnpkg.com/js-tokens/-/js-tokens-3.0.2.tgz#9866df395102130e38f7f996bceb65443209c25b"

json-parser@^1.0.0:
  version "1.1.5"
  resolved "https://registry.yarnpkg.com/json-parser/-/json-parser-1.1.5.tgz#e62ec5261d1a6a5fc20e812a320740c6d9005677"
  dependencies:
    esprima "^2.7.0"

json-schema-traverse@^0.3.0:
  version "0.3.1"
  resolved "https://registry.yarnpkg.com/json-schema-traverse/-/json-schema-traverse-0.3.1.tgz#349a6d44c53a51de89b40805c5d5e59b417d3340"

json-stable-stringify@^1.0.1:
  version "1.0.1"
  resolved "https://registry.yarnpkg.com/json-stable-stringify/-/json-stable-stringify-1.0.1.tgz#9a759d39c5f2ff503fd5300646ed445f88c4f9af"
  dependencies:
    jsonify "~0.0.0"

jsonify@~0.0.0:
  version "0.0.0"
  resolved "https://registry.yarnpkg.com/jsonify/-/jsonify-0.0.0.tgz#2c74b6ee41d93ca51b7b5aaee8f503631d252a73"

lodash.escaperegexp@^4.1.2:
  version "4.1.2"
  resolved "https://registry.yarnpkg.com/lodash.escaperegexp/-/lodash.escaperegexp-4.1.2.tgz#64762c48618082518ac3df4ccf5d5886dae20347"

loose-envify@^1.0.0, loose-envify@^1.1.0, loose-envify@^1.3.1:
  version "1.3.1"
  resolved "https://registry.yarnpkg.com/loose-envify/-/loose-envify-1.3.1.tgz#d1a8ad33fa9ce0e713d65fdd0ac8b748d478c848"
  dependencies:
    js-tokens "^3.0.0"

marked@~0.4.0:
  version "0.4.0"
  resolved "https://registry.yarnpkg.com/marked/-/marked-0.4.0.tgz#9ad2c2a7a1791f10a852e0112f77b571dce10c66"

minimatch@^3.0.4:
  version "3.0.4"
  resolved "https://registry.yarnpkg.com/minimatch/-/minimatch-3.0.4.tgz#5166e286457f03306064be5497e8dbb0c3d32083"
  dependencies:
    brace-expansion "^1.1.7"

minimist@~1.2.0:
  version "1.2.0"
  resolved "https://registry.yarnpkg.com/minimist/-/minimist-1.2.0.tgz#a35008b20f41383eec1fb914f4cd5df79a264284"

moment@~2.21.0:
  version "2.21.0"
  resolved "https://registry.yarnpkg.com/moment/-/moment-2.21.0.tgz#2a114b51d2a6ec9e6d83cf803f838a878d8a023a"

node-fetch@^1.0.1, node-fetch@~1.7.3:
  version "1.7.3"
  resolved "https://registry.yarnpkg.com/node-fetch/-/node-fetch-1.7.3.tgz#980f6f72d85211a5347c6b2bc18c5b84c3eb47ef"
  dependencies:
    encoding "^0.1.11"
    is-stream "^1.0.1"

object-assign@^4.1.0, object-assign@^4.1.1:
  version "4.1.1"
  resolved "https://registry.yarnpkg.com/object-assign/-/object-assign-4.1.1.tgz#2109adc7965887cfc05cbbd442cac8bfbb360863"

once@^1.3.0:
  version "1.4.0"
  resolved "https://registry.yarnpkg.com/once/-/once-1.4.0.tgz#583b1aa775961d4b113ac17d9c50baef9dd76bd1"
  dependencies:
    wrappy "1"

options@>=0.0.5:
  version "0.0.6"
  resolved "https://registry.yarnpkg.com/options/-/options-0.0.6.tgz#ec22d312806bb53e731773e7cdaefcf1c643128f"

path-is-absolute@^1.0.0:
  version "1.0.1"
  resolved "https://registry.yarnpkg.com/path-is-absolute/-/path-is-absolute-1.0.1.tgz#174b9268735534ffbc7ace6bf53a5a9e1b5c5f5f"

path-posix@~1.0.0:
  version "1.0.0"
  resolved "https://registry.yarnpkg.com/path-posix/-/path-posix-1.0.0.tgz#06b26113f56beab042545a23bfa88003ccac260f"

process-nextick-args@~2.0.0:
  version "2.0.0"
  resolved "https://registry.yarnpkg.com/process-nextick-args/-/process-nextick-args-2.0.0.tgz#a37d732f4271b4ab1ad070d35508e8290788ffaa"

promise@^7.1.1:
  version "7.3.1"
  resolved "https://registry.yarnpkg.com/promise/-/promise-7.3.1.tgz#064b72602b18f90f29192b8b1bc418ffd1ebd3bf"
  dependencies:
    asap "~2.0.3"

prop-types@^15.6.0:
  version "15.6.2"
  resolved "https://registry.yarnpkg.com/prop-types/-/prop-types-15.6.2.tgz#05d5ca77b4453e985d60fc7ff8c859094a497102"
  dependencies:
    loose-envify "^1.3.1"
    object-assign "^4.1.1"

querystringify@~1.0.0:
  version "1.0.0"
  resolved "https://registry.yarnpkg.com/querystringify/-/querystringify-1.0.0.tgz#6286242112c5b712fa654e526652bf6a13ff05cb"

react-dom@^16.4.1, react-dom@~16.4.0:
  version "16.4.1"
  resolved "https://registry.yarnpkg.com/react-dom/-/react-dom-16.4.1.tgz#7f8b0223b3a5fbe205116c56deb85de32685dad6"
  dependencies:
    fbjs "^0.8.16"
    loose-envify "^1.1.0"
    object-assign "^4.1.1"
    prop-types "^15.6.0"

react@^16.4.1, react@~16.4.0:
  version "16.4.1"
  resolved "https://registry.yarnpkg.com/react/-/react-16.4.1.tgz#de51ba5764b5dbcd1f9079037b862bd26b82fe32"
  dependencies:
    fbjs "^0.8.16"
    loose-envify "^1.1.0"
    object-assign "^4.1.1"
    prop-types "^15.6.0"

readable-stream@^2.0.2:
  version "2.3.6"
  resolved "https://registry.yarnpkg.com/readable-stream/-/readable-stream-2.3.6.tgz#b11c27d88b8ff1fbe070643cf94b0c79ae1b0aaf"
  dependencies:
    core-util-is "~1.0.0"
    inherits "~2.0.3"
    isarray "~1.0.0"
    process-nextick-args "~2.0.0"
    safe-buffer "~5.1.1"
    string_decoder "~1.1.1"
    util-deprecate "~1.0.1"

requires-port@1.0.x:
  version "1.0.0"
  resolved "https://registry.yarnpkg.com/requires-port/-/requires-port-1.0.0.tgz#925d2601d39ac485e091cf0da5c6e694dc3dcaff"

rimraf@^2.6.1:
  version "2.6.2"
  resolved "https://registry.yarnpkg.com/rimraf/-/rimraf-2.6.2.tgz#2ed8150d24a16ea8651e6d6ef0f47c4158ce7a36"
  dependencies:
    glob "^7.0.5"

safe-buffer@~5.1.0, safe-buffer@~5.1.1:
  version "5.1.2"
  resolved "https://registry.yarnpkg.com/safe-buffer/-/safe-buffer-5.1.2.tgz#991ec69d296e0313747d59bdfd2b745c35f8828d"

"safer-buffer@>= 2.1.2 < 3":
  version "2.1.2"
  resolved "https://registry.yarnpkg.com/safer-buffer/-/safer-buffer-2.1.2.tgz#44fa161b0187b9549dd84bb91802f9bd8385cd6a"

sanitize-html@~1.14.3:
  version "1.14.3"
  resolved "https://registry.yarnpkg.com/sanitize-html/-/sanitize-html-1.14.3.tgz#62afd7c2d44ffd604599121d49e25b934e7a5514"
  dependencies:
    htmlparser2 "^3.9.0"
    lodash.escaperegexp "^4.1.2"
    xtend "^4.0.0"

setimmediate@^1.0.5:
  version "1.0.5"
  resolved "https://registry.yarnpkg.com/setimmediate/-/setimmediate-1.0.5.tgz#290cbb232e306942d7d7ea9b83732ab7856f8285"

string_decoder@~1.1.1:
  version "1.1.1"
  resolved "https://registry.yarnpkg.com/string_decoder/-/string_decoder-1.1.1.tgz#9cf1611ba62685d7030ae9e4ba34149c3af03fc8"
  dependencies:
    safe-buffer "~5.1.0"

tsc@^1.20150623.0:
  version "1.20150623.0"
  resolved "https://registry.yarnpkg.com/tsc/-/tsc-1.20150623.0.tgz#4ebc3c774e169148cbc768a7342533f082c7a6e5"

typescript@~2.6.0:
  version "2.6.2"
  resolved "https://registry.yarnpkg.com/typescript/-/typescript-2.6.2.tgz#3c5b6fd7f6de0914269027f03c0946758f7673a4"

ua-parser-js@^0.7.18:
  version "0.7.18"
  resolved "https://registry.yarnpkg.com/ua-parser-js/-/ua-parser-js-0.7.18.tgz#a7bfd92f56edfb117083b69e31d2aa8882d4b1ed"

ultron@1.0.x:
  version "1.0.2"
  resolved "https://registry.yarnpkg.com/ultron/-/ultron-1.0.2.tgz#ace116ab557cd197386a4e88f4685378c8b2e4fa"

url-parse@~1.1.9:
  version "1.1.9"
  resolved "https://registry.yarnpkg.com/url-parse/-/url-parse-1.1.9.tgz#c67f1d775d51f0a18911dd7b3ffad27bb9e5bd19"
  dependencies:
    querystringify "~1.0.0"
    requires-port "1.0.x"

util-deprecate@~1.0.1:
  version "1.0.2"
  resolved "https://registry.yarnpkg.com/util-deprecate/-/util-deprecate-1.0.2.tgz#450d4dc9fa70de732762fbd2d4a28981419a0ccf"

whatwg-fetch@>=0.10.0:
  version "2.0.4"
  resolved "https://registry.yarnpkg.com/whatwg-fetch/-/whatwg-fetch-2.0.4.tgz#dde6a5df315f9d39991aa17621853d720b85566f"

wrappy@1:
  version "1.0.2"
  resolved "https://registry.yarnpkg.com/wrappy/-/wrappy-1.0.2.tgz#b5243d8f3ec1aa35f1364605bc0d1036e30ab69f"

ws@~1.1.4:
  version "1.1.5"
  resolved "https://registry.yarnpkg.com/ws/-/ws-1.1.5.tgz#cbd9e6e75e09fc5d2c90015f21f0c40875e0dd51"
  dependencies:
    options ">=0.0.5"
    ultron "1.0.x"

xtend@^4.0.0:
  version "4.0.1"
  resolved "https://registry.yarnpkg.com/xtend/-/xtend-4.0.1.tgz#a5c6d532be656e23db820efb943a1f04998d63af"
