{
  "name": "my-extension",
  "version": "1.0.0",
  "lockfileVersion": 3,
  "requires": true,
  "packages": {
    "": {
      "name": "my-extension",
      "version": "1.0.0",
      "license": "ISC",
      "dependencies": {
        "@jupyterlab/application": "^4.5.5",
        "@jupyterlab/apputils": "^4.6.5",
        "@lumino/widgets": "^2.7.5"
      }
    },
    "node_modules/@codemirror/state": {
      "version": "6.5.4",
      "resolved": "https://registry.npmjs.org/@codemirror/state/-/state-6.5.4.tgz",
      "integrity": "sha512-8y7xqG/hpB53l25CIoit9/ngxdfoG+fx+V3SHBrinnhOtLvKHRyAJJuHzkWrR4YXXLX8eXBsejgAAxHUOdW1yw==",
      "license": "MIT",
      "dependencies": {
        "@marijn/find-cluster-break": "^1.0.0"
      }
    },
    "node_modules/@fortawesome/fontawesome-free": {
      "version": "5.15.4",
      "resolved": "https://registry.npmjs.org/@fortawesome/fontawesome-free/-/fontawesome-free-5.15.4.tgz",
      "integrity": "sha512-eYm8vijH/hpzr/6/1CJ/V/Eb1xQFW2nnUKArb3z+yUWv7HTwj6M7SP957oMjfZjAHU6qpoNc2wQvIxBLWYa/Jg==",
      "hasInstallScript": true,
      "license": "(CC-BY-4.0 AND OFL-1.1 AND MIT)",
      "engines": {
        "node": ">=6"
      }
    },
    "node_modules/@jupyter/react-components": {
      "version": "0.16.7",
      "resolved": "https://registry.npmjs.org/@jupyter/react-components/-/react-components-0.16.7.tgz",
      "integrity": "sha512-BKIPkJ9V011uhtdq1xBOu2M3up59CqsRbDS4aq8XhnHR4pwqfRV6k6irE5YBOETCoIwWZZ5RZO+cJcZ3DcsT5A==",
      "license": "BSD-3-Clause",
      "dependencies": {
        "@jupyter/web-components": "^0.16.7",
        "react": ">=17.0.0 <19.0.0"
      }
    },
    "node_modules/@jupyter/web-components": {
      "version": "0.16.7",
      "resolved": "https://registry.npmjs.org/@jupyter/web-components/-/web-components-0.16.7.tgz",
      "integrity": "sha512-1a8awgvvP9J9pCV5vBRuQxdBk29764qiMJsJYEndrWH3cB/FlaO+sZIBm4OTf56Eqdgl8R3/ZSLM1+3mgXOkPg==",
      "license": "BSD-3-Clause",
      "dependencies": {
        "@microsoft/fast-colors": "^5.3.1",
        "@microsoft/fast-element": "^1.12.0",
        "@microsoft/fast-foundation": "^2.49.4",
        "@microsoft/fast-web-utilities": "^5.4.1"
      }
    },
    "node_modules/@jupyter/ydoc": {
      "version": "3.4.0",
      "resolved": "https://registry.npmjs.org/@jupyter/ydoc/-/ydoc-3.4.0.tgz",
      "integrity": "sha512-WsfmVWF+wV78LwJ3RpiCrxffnhtkn+OhS5H4YwyZMBBFM0yH1SDzRCxH17UlzAJu1htToqpbAVcWNMA1FNcKpw==",
      "license": "BSD-3-Clause",
      "dependencies": {
        "@jupyterlab/nbformat": "^3.0.0 || ^4.0.0-alpha.21 || ^4.0.0",
        "@lumino/coreutils": "^1.11.0 || ^2.0.0",
        "@lumino/disposable": "^1.10.0 || ^2.0.0",
        "@lumino/signaling": "^1.10.0 || ^2.0.0",
        "y-protocols": "^1.0.5",
        "yjs": "^13.5.40"
      }
    },
    "node_modules/@jupyterlab/application": {
      "version": "4.5.5",
      "resolved": "https://registry.npmjs.org/@jupyterlab/application/-/application-4.5.5.tgz",
      "integrity": "sha512-bplW8W74BAPl78ccl679k4a5Ds1a+kz9oKITgXISGfoDuJsLSDuPO0UJjWzohoQDEjun7u3KIKIt7OuMNiGu3A==",
      "license": "BSD-3-Clause",
      "dependencies": {
        "@fortawesome/fontawesome-free": "^5.12.0",
        "@jupyterlab/apputils": "^4.6.5",
        "@jupyterlab/coreutils": "^6.5.5",
        "@jupyterlab/docregistry": "^4.5.5",
        "@jupyterlab/rendermime": "^4.5.5",
        "@jupyterlab/rendermime-interfaces": "^3.13.5",
        "@jupyterlab/services": "^7.5.5",
        "@jupyterlab/statedb": "^4.5.5",
        "@jupyterlab/translation": "^4.5.5",
        "@jupyterlab/ui-components": "^4.5.5",
        "@lumino/algorithm": "^2.0.4",
        "@lumino/application": "^2.4.8",
        "@lumino/commands": "^2.3.3",
        "@lumino/coreutils": "^2.2.2",
        "@lumino/disposable": "^2.1.5",
        "@lumino/messaging": "^2.0.4",
        "@lumino/polling": "^2.1.5",
        "@lumino/properties": "^2.0.4",
        "@lumino/signaling": "^2.1.5",
        "@lumino/widgets": "^2.7.5"
      }
    },
    "node_modules/@jupyterlab/apputils": {
      "version": "4.6.5",
      "resolved": "https://registry.npmjs.org/@jupyterlab/apputils/-/apputils-4.6.5.tgz",
      "integrity": "sha512-r7b+HU0MmqGnCqnOv1Een7lL/bg+1DtKEo84dIry4h5Rc6C2UuLTQAynNEMeHcwK6+BCjTHS6LFCgw2p9wskDQ==",
      "license": "BSD-3-Clause",
      "dependencies": {
        "@jupyterlab/coreutils": "^6.5.5",
        "@jupyterlab/observables": "^5.5.5",
        "@jupyterlab/rendermime-interfaces": "^3.13.5",
        "@jupyterlab/services": "^7.5.5",
        "@jupyterlab/settingregistry": "^4.5.5",
        "@jupyterlab/statedb": "^4.5.5",
        "@jupyterlab/statusbar": "^4.5.5",
        "@jupyterlab/translation": "^4.5.5",
        "@jupyterlab/ui-components": "^4.5.5",
        "@lumino/algorithm": "^2.0.4",
        "@lumino/commands": "^2.3.3",
        "@lumino/coreutils": "^2.2.2",
        "@lumino/disposable": "^2.1.5",
        "@lumino/domutils": "^2.0.4",
        "@lumino/messaging": "^2.0.4",
        "@lumino/signaling": "^2.1.5",
        "@lumino/virtualdom": "^2.0.4",
        "@lumino/widgets": "^2.7.5",
        "@types/react": "^18.0.26",
        "react": "^18.2.0",
        "sanitize-html": "~2.12.1"
      }
    },
    "node_modules/@jupyterlab/codeeditor": {
      "version": "4.5.5",
      "resolved": "https://registry.npmjs.org/@jupyterlab/codeeditor/-/codeeditor-4.5.5.tgz",
      "integrity": "sha512-XJW1c2HWQnhIvAhb9hOiG/fHVFDORU7s065kuiigs2NLq/b+yuoMOO4ubrUntMl69/NNwdCEnWH6EUe5unhC7Q==",
      "license": "BSD-3-Clause",
      "dependencies": {
        "@codemirror/state": "^6.5.4",
        "@jupyter/ydoc": "^3.1.0",
        "@jupyterlab/apputils": "^4.6.5",
        "@jupyterlab/coreutils": "^6.5.5",
        "@jupyterlab/nbformat": "^4.5.5",
        "@jupyterlab/observables": "^5.5.5",
        "@jupyterlab/statusbar": "^4.5.5",
        "@jupyterlab/translation": "^4.5.5",
        "@jupyterlab/ui-components": "^4.5.5",
        "@lumino/coreutils": "^2.2.2",
        "@lumino/disposable": "^2.1.5",
        "@lumino/dragdrop": "^2.1.8",
        "@lumino/messaging": "^2.0.4",
        "@lumino/signaling": "^2.1.5",
        "@lumino/widgets": "^2.7.5",
        "react": "^18.2.0"
      }
    },
    "node_modules/@jupyterlab/coreutils": {
      "version": "6.5.5",
      "resolved": "https://registry.npmjs.org/@jupyterlab/coreutils/-/coreutils-6.5.5.tgz",
      "integrity": "sha512-oaGByORCsretbnaQ+F9ZRKO6fYzqGJtcTL6dbib0sixL1eH/jPkVgEV8q5Ex+zUbVPY9L7q1BpyrDzVEX2P2aw==",
      "license": "BSD-3-Clause",
      "dependencies": {
        "@lumino/coreutils": "^2.2.2",
        "@lumino/disposable": "^2.1.5",
        "@lumino/signaling": "^2.1.5",
        "minimist": "~1.2.0",
        "path-browserify": "^1.0.0",
        "url-parse": "~1.5.4"
      }
    },
    "node_modules/@jupyterlab/docregistry": {
      "version": "4.5.5",
      "resolved": "https://registry.npmjs.org/@jupyterlab/docregistry/-/docregistry-4.5.5.tgz",
      "integrity": "sha512-E67uozJC7NdHZMZdgTpsUvofMd90yozW0Z8m3rGvcxtVVkQyv2M3rmLRGxtwFP4TvtZW15VbYeKfaCRtNMP7Ww==",
      "license": "BSD-3-Clause",
      "dependencies": {
        "@jupyter/ydoc": "^3.1.0",
        "@jupyterlab/apputils": "^4.6.5",
        "@jupyterlab/codeeditor": "^4.5.5",
        "@jupyterlab/coreutils": "^6.5.5",
        "@jupyterlab/observables": "^5.5.5",
        "@jupyterlab/rendermime": "^4.5.5",
        "@jupyterlab/rendermime-interfaces": "^3.13.5",
        "@jupyterlab/services": "^7.5.5",
        "@jupyterlab/translation": "^4.5.5",
        "@jupyterlab/ui-components": "^4.5.5",
        "@lumino/algorithm": "^2.0.4",
        "@lumino/coreutils": "^2.2.2",
        "@lumino/disposable": "^2.1.5",
        "@lumino/messaging": "^2.0.4",
        "@lumino/properties": "^2.0.4",
        "@lumino/signaling": "^2.1.5",
        "@lumino/widgets": "^2.7.5",
        "react": "^18.2.0"
      }
    },
    "node_modules/@jupyterlab/nbformat": {
      "version": "4.5.5",
      "resolved": "https://registry.npmjs.org/@jupyterlab/nbformat/-/nbformat-4.5.5.tgz",
      "integrity": "sha512-h5iDnq0zjl/+1mQ8Jm/oAHMPocI8GDgANHZh/dmCumRJKwGGrqpNPvnDEOUYMnLZZcV5W4Lr2pfrwuHp6UrRzQ==",
      "license": "BSD-3-Clause",
      "dependencies": {
        "@lumino/coreutils": "^2.2.2"
      }
    },
    "node_modules/@jupyterlab/observables": {
      "version": "5.5.5",
      "resolved": "https://registry.npmjs.org/@jupyterlab/observables/-/observables-5.5.5.tgz",
      "integrity": "sha512-Z2scWxokKlXN1OkXrbawFmE5R8wfNCsO9PBlwcR86JDlEfJ1/acFbmEf5QGB5vW/zNMfROKbl8aVAa2vevemDQ==",
      "license": "BSD-3-Clause",
      "dependencies": {
        "@lumino/algorithm": "^2.0.4",
        "@lumino/coreutils": "^2.2.2",
        "@lumino/disposable": "^2.1.5",
        "@lumino/messaging": "^2.0.4",
        "@lumino/signaling": "^2.1.5"
      }
    },
    "node_modules/@jupyterlab/rendermime": {
      "version": "4.5.5",
      "resolved": "https://registry.npmjs.org/@jupyterlab/rendermime/-/rendermime-4.5.5.tgz",
      "integrity": "sha512-qRtoO5jCq4EBKD2s8X/c1Sf/iCjQMTxZB7OccdsL9Zhm3Iw3uJm+hCDviojTktiK/ZJKewt7QwX79uxeDODgXg==",
      "license": "BSD-3-Clause",
      "dependencies": {
        "@jupyterlab/apputils": "^4.6.5",
        "@jupyterlab/coreutils": "^6.5.5",
        "@jupyterlab/nbformat": "^4.5.5",
        "@jupyterlab/observables": "^5.5.5",
        "@jupyterlab/rendermime-interfaces": "^3.13.5",
        "@jupyterlab/services": "^7.5.5",
        "@jupyterlab/translation": "^4.5.5",
        "@lumino/coreutils": "^2.2.2",
        "@lumino/messaging": "^2.0.4",
        "@lumino/signaling": "^2.1.5",
        "@lumino/widgets": "^2.7.5",
        "lodash.escape": "^4.0.1"
      }
    },
    "node_modules/@jupyterlab/rendermime-interfaces": {
      "version": "3.13.5",
      "resolved": "https://registry.npmjs.org/@jupyterlab/rendermime-interfaces/-/rendermime-interfaces-3.13.5.tgz",
      "integrity": "sha512-q4Ax3TKzORDvd0jkAEYIixGnYqZFl4htCBMjV7yNM6b7ibpyk8jd9wDeNM5+3Xtt00ftgfuq9L2CGHKU+8dKOg==",
      "license": "BSD-3-Clause",
      "dependencies": {
        "@lumino/coreutils": "^1.11.0 || ^2.2.2",
        "@lumino/widgets": "^1.37.2 || ^2.7.5"
      }
    },
    "node_modules/@jupyterlab/services": {
      "version": "7.5.5",
      "resolved": "https://registry.npmjs.org/@jupyterlab/services/-/services-7.5.5.tgz",
      "integrity": "sha512-MKlN04wvteGYlFw1XK1iCpu4q9LU9t8i7zq8MKyVYtLo5/5zf3lPF0qIFZLFI5Wb1hHGRuEty0UKYm3JC+IRxQ==",
      "license": "BSD-3-Clause",
      "dependencies": {
        "@jupyter/ydoc": "^3.1.0",
        "@jupyterlab/coreutils": "^6.5.5",
        "@jupyterlab/nbformat": "^4.5.5",
        "@jupyterlab/settingregistry": "^4.5.5",
        "@jupyterlab/statedb": "^4.5.5",
        "@lumino/coreutils": "^2.2.2",
        "@lumino/disposable": "^2.1.5",
        "@lumino/polling": "^2.1.5",
        "@lumino/properties": "^2.0.4",
        "@lumino/signaling": "^2.1.5",
        "ws": "^8.11.0"
      }
    },
    "node_modules/@jupyterlab/settingregistry": {
      "version": "4.5.5",
      "resolved": "https://registry.npmjs.org/@jupyterlab/settingregistry/-/settingregistry-4.5.5.tgz",
      "integrity": "sha512-fpPUx6/UCN/J+nKCZnYQ9VRd0bN2M4lM0z7h0l3rPKizegoQCDVYUkc2QGaUxcW4DpFnCMFM3QY63jYmq8+vXA==",
      "license": "BSD-3-Clause",
      "dependencies": {
        "@jupyterlab/nbformat": "^4.5.5",
        "@jupyterlab/statedb": "^4.5.5",
        "@lumino/commands": "^2.3.3",
        "@lumino/coreutils": "^2.2.2",
        "@lumino/disposable": "^2.1.5",
        "@lumino/signaling": "^2.1.5",
        "@rjsf/utils": "^5.13.4",
        "ajv": "^8.12.0",
        "json5": "^2.2.3"
      },
      "peerDependencies": {
        "react": ">=16"
      }
    },
    "node_modules/@jupyterlab/statedb": {
      "version": "4.5.5",
      "resolved": "https://registry.npmjs.org/@jupyterlab/statedb/-/statedb-4.5.5.tgz",
      "integrity": "sha512-lBKtSkcSEkyiFY4zxcBn1pG9EZ3C7sBgXJjHEt4UutKKpDfvGNl9sn5oZSx6BZ/rZC4uoN0EMXFs9kvJZyQiUg==",
      "license": "BSD-3-Clause",
      "dependencies": {
        "@lumino/commands": "^2.3.3",
        "@lumino/coreutils": "^2.2.2",
        "@lumino/disposable": "^2.1.5",
        "@lumino/properties": "^2.0.4",
        "@lumino/signaling": "^2.1.5"
      }
    },
    "node_modules/@jupyterlab/statusbar": {
      "version": "4.5.5",
      "resolved": "https://registry.npmjs.org/@jupyterlab/statusbar/-/statusbar-4.5.5.tgz",
      "integrity": "sha512-XELj8Uy5X95xmDa+q3zJ8qVUqO9tdOqmeVHXDAQEola1hw0RHx1ZQhFDWOS2ETYwlI19vwOB9qHz7dJijefsKw==",
      "license": "BSD-3-Clause",
      "dependencies": {
        "@jupyterlab/ui-components": "^4.5.5",
        "@lumino/algorithm": "^2.0.4",
        "@lumino/coreutils": "^2.2.2",
        "@lumino/disposable": "^2.1.5",
        "@lumino/messaging": "^2.0.4",
        "@lumino/signaling": "^2.1.5",
        "@lumino/widgets": "^2.7.5",
        "react": "^18.2.0"
      }
    },
    "node_modules/@jupyterlab/translation": {
      "version": "4.5.5",
      "resolved": "https://registry.npmjs.org/@jupyterlab/translation/-/translation-4.5.5.tgz",
      "integrity": "sha512-awLvHrLUvKVczuOZf1H0XK5zKt17u30BDrWz0hzN++XeNRQlcnnQ2NhX2GUle+Wi5Kng0qXDNH0olXlcD2PeMQ==",
      "license": "BSD-3-Clause",
      "dependencies": {
        "@jupyterlab/coreutils": "^6.5.5",
        "@jupyterlab/rendermime-interfaces": "^3.13.5",
        "@jupyterlab/services": "^7.5.5",
        "@jupyterlab/statedb": "^4.5.5",
        "@lumino/coreutils": "^2.2.2"
      }
    },
    "node_modules/@jupyterlab/ui-components": {
      "version": "4.5.5",
      "resolved": "https://registry.npmjs.org/@jupyterlab/ui-components/-/ui-components-4.5.5.tgz",
      "integrity": "sha512-NkQ/OY1KiVkjjuax+GoUE0ZyI8lnuR6lhgUGzzkQxmQHte4tvfA57PuNuyq37/gFMwsGBA4bTRfucPuaZACJAA==",
      "license": "BSD-3-Clause",
      "dependencies": {
        "@jupyter/react-components": "^0.16.6",
        "@jupyter/web-components": "^0.16.6",
        "@jupyterlab/coreutils": "^6.5.5",
        "@jupyterlab/observables": "^5.5.5",
        "@jupyterlab/rendermime-interfaces": "^3.13.5",
        "@jupyterlab/translation": "^4.5.5",
        "@lumino/algorithm": "^2.0.4",
        "@lumino/commands": "^2.3.3",
        "@lumino/coreutils": "^2.2.2",
        "@lumino/disposable": "^2.1.5",
        "@lumino/messaging": "^2.0.4",
        "@lumino/polling": "^2.1.5",
        "@lumino/properties": "^2.0.4",
        "@lumino/signaling": "^2.1.5",
        "@lumino/virtualdom": "^2.0.4",
        "@lumino/widgets": "^2.7.5",
        "@rjsf/core": "^5.13.4",
        "@rjsf/utils": "^5.13.4",
        "react": "^18.2.0",
        "react-dom": "^18.2.0",
        "typestyle": "^2.0.4"
      },
      "peerDependencies": {
        "react": "^18.2.0"
      }
    },
    "node_modules/@lumino/algorithm": {
      "version": "2.0.4",
      "resolved": "https://registry.npmjs.org/@lumino/algorithm/-/algorithm-2.0.4.tgz",
      "integrity": "sha512-gddBhESPqu25KWLeAK9Kz8tS9Ph7P45i0CNG7Ia4XMhK9PHLtTsBdJTC9jP+MqhbzC8zDT/4ekvYRV9ojRPj7Q==",
      "license": "BSD-3-Clause"
    },
    "node_modules/@lumino/application": {
      "version": "2.4.8",
      "resolved": "https://registry.npmjs.org/@lumino/application/-/application-2.4.8.tgz",
      "integrity": "sha512-6Ohy3btpt8pRdv1wGxZpQZRxyxRDGYmAMTxhaHu1plu+dtLspkOQh8c8w1Nwtxw9L2862LYHBzt3ZcoTpHnURA==",
      "license": "BSD-3-Clause",
      "dependencies": {
        "@lumino/commands": "^2.3.3",
        "@lumino/coreutils": "^2.2.2",
        "@lumino/widgets": "^2.7.5"
      }
    },
    "node_modules/@lumino/collections": {
      "version": "2.0.4",
      "resolved": "https://registry.npmjs.org/@lumino/collections/-/collections-2.0.4.tgz",
      "integrity": "sha512-D/Py9L5HET6+XUYGxFqDEEth4B65X2c7B/GQVRR8q5Fl7EArVL6e98ZXw8BMkuPcTNa0zlENpCKXzlcoJZxXgQ==",
      "license": "BSD-3-Clause",
      "dependencies": {
        "@lumino/algorithm": "^2.0.4"
      }
    },
    "node_modules/@lumino/commands": {
      "version": "2.3.3",
      "resolved": "https://registry.npmjs.org/@lumino/commands/-/commands-2.3.3.tgz",
      "integrity": "sha512-7Ci0QdFzt4NKFMhULr19sJPpOLHJw/oYlq6Pb0/Kq1s05+cIoLimr5wiyjkbAlNoGO/8A8SEBGHy3uctZz6G3A==",
      "license": "BSD-3-Clause",
      "dependencies": {
        "@lumino/algorithm": "^2.0.4",
        "@lumino/coreutils": "^2.2.2",
        "@lumino/disposable": "^2.1.5",
        "@lumino/domutils": "^2.0.4",
        "@lumino/keyboard": "^2.0.4",
        "@lumino/signaling": "^2.1.5",
        "@lumino/virtualdom": "^2.0.4"
      }
    },
    "node_modules/@lumino/coreutils": {
      "version": "2.2.2",
      "resolved": "https://registry.npmjs.org/@lumino/coreutils/-/coreutils-2.2.2.tgz",
      "integrity": "sha512-zaKJaK7rawPATn2BGHkbMrR6oK3s9PxNe9KreLwWF2dB4ZBHDiEmNLRyHRorfJ7XqVOEXAsAAj0jFn+qJPC/4Q==",
      "license": "BSD-3-Clause",
      "dependencies": {
        "@lumino/algorithm": "^2.0.4"
      }
    },
    "node_modules/@lumino/disposable": {
      "version": "2.1.5",
      "resolved": "https://registry.npmjs.org/@lumino/disposable/-/disposable-2.1.5.tgz",
      "integrity": "sha512-hO9AkJK0oEGzxopuxI8LaZqwzSNwXJTGCdr5K4gh6al+zxpN7rOCh6Aq3zDxkIHJU4zybxv8r02ardx9XJsG3A==",
      "license": "BSD-3-Clause",
      "dependencies": {
        "@lumino/signaling": "^2.1.5"
      }
    },
    "node_modules/@lumino/domutils": {
      "version": "2.0.4",
      "resolved": "https://registry.npmjs.org/@lumino/domutils/-/domutils-2.0.4.tgz",
      "integrity": "sha512-naYGUQn3e0CLtz/tjKOZP8SOBg0SW7EguhkxLpNUXlVUvx7rVsfr0VI22FVL+jgI0FbxXpEkxpSMxtK73jxJAg==",
      "license": "BSD-3-Clause"
    },
    "node_modules/@lumino/dragdrop": {
      "version": "2.1.8",
      "resolved": "https://registry.npmjs.org/@lumino/dragdrop/-/dragdrop-2.1.8.tgz",
      "integrity": "sha512-5sBYkTka598+XsgjY2tWOC+WYCh9NEgx8RhLvQ3x+V182YhcpEXw38RWGQZyNpQ4m4vtQWKv42A26q+ae6sMwg==",
      "license": "BSD-3-Clause",
      "dependencies": {
        "@lumino/coreutils": "^2.2.2",
        "@lumino/disposable": "^2.1.5"
      }
    },
    "node_modules/@lumino/keyboard": {
      "version": "2.0.4",
      "resolved": "https://registry.npmjs.org/@lumino/keyboard/-/keyboard-2.0.4.tgz",
      "integrity": "sha512-kIVkdSz8F5wtZr8hZp0CMX+E0eMCOnFH6XCT7j2UBQ80ERJHFy0eX+IbNo3dtRQ7+CcDhBV4hQquFNFa+/04QQ==",
      "license": "BSD-3-Clause"
    },
    "node_modules/@lumino/messaging": {
      "version": "2.0.4",
      "resolved": "https://registry.npmjs.org/@lumino/messaging/-/messaging-2.0.4.tgz",
      "integrity": "sha512-NbZnchAPOciSe9Qn/g6EzG0LRaw7bygFIXbCD440ZhzvugdBeAerwYhrA795jkXPNrrl3olp5AlO0cBB/XZNtg==",
      "license": "BSD-3-Clause",
      "dependencies": {
        "@lumino/algorithm": "^2.0.4",
        "@lumino/collections": "^2.0.4"
      }
    },
    "node_modules/@lumino/polling": {
      "version": "2.1.5",
      "resolved": "https://registry.npmjs.org/@lumino/polling/-/polling-2.1.5.tgz",
      "integrity": "sha512-YhQRWTNRVSi5R5uatwh1jkxASY5JKyAGWmtnfQOZWLDUFmsIjOTsS8NaYg1BgneZjWM3fbA18dCDDT7PPs5X1g==",
      "license": "BSD-3-Clause",
      "dependencies": {
        "@lumino/coreutils": "^2.2.2",
        "@lumino/disposable": "^2.1.5",
        "@lumino/signaling": "^2.1.5"
      }
    },
    "node_modules/@lumino/properties": {
      "version": "2.0.4",
      "resolved": "https://registry.npmjs.org/@lumino/properties/-/properties-2.0.4.tgz",
      "integrity": "sha512-XsL2qLZk+1FbfuTrkyjciI8PMDw3YcaBkqVQ+iv7OOJf9bUlrmTpCMY0Hu5d3hV2W3TWlRsdbvRRLEBJSKv0iA==",
      "license": "BSD-3-Clause"
    },
    "node_modules/@lumino/signaling": {
      "version": "2.1.5",
      "resolved": "https://registry.npmjs.org/@lumino/signaling/-/signaling-2.1.5.tgz",
      "integrity": "sha512-Wkx6WR45ynmKBlW0GBEoh4xk9+QluKr1JHuMftqcStBHSQBCnN54UKRRDbySXHGRhhx6p4neu7sGomgQSlQK8w==",
      "license": "BSD-3-Clause",
      "dependencies": {
        "@lumino/algorithm": "^2.0.4",
        "@lumino/coreutils": "^2.2.2"
      }
    },
    "node_modules/@lumino/virtualdom": {
      "version": "2.0.4",
      "resolved": "https://registry.npmjs.org/@lumino/virtualdom/-/virtualdom-2.0.4.tgz",
      "integrity": "sha512-7MFthA9KUsqZTGm/D98FZt1QupjIGyd3XyB4SIugn6DQAqhjBiyykCZydnRq3qmuMHybQel33dNIbHpzyNyQwA==",
      "license": "BSD-3-Clause",
      "dependencies": {
        "@lumino/algorithm": "^2.0.4"
      }
    },
    "node_modules/@lumino/widgets": {
      "version": "2.7.5",
      "resolved": "https://registry.npmjs.org/@lumino/widgets/-/widgets-2.7.5.tgz",
      "integrity": "sha512-i11PlbTsZYIvC/uhcC4FeeLnu/7vveG8WzXFbxPunjT1yGjleqQIPlpMOAJ5d4PwCKqeM8LYttYke6ZOXvXDLA==",
      "license": "BSD-3-Clause",
      "dependencies": {
        "@lumino/algorithm": "^2.0.4",
        "@lumino/commands": "^2.3.3",
        "@lumino/coreutils": "^2.2.2",
        "@lumino/disposable": "^2.1.5",
        "@lumino/domutils": "^2.0.4",
        "@lumino/dragdrop": "^2.1.8",
        "@lumino/keyboard": "^2.0.4",
        "@lumino/messaging": "^2.0.4",
        "@lumino/properties": "^2.0.4",
        "@lumino/signaling": "^2.1.5",
        "@lumino/virtualdom": "^2.0.4"
      }
    },
    "node_modules/@marijn/find-cluster-break": {
      "version": "1.0.2",
      "resolved": "https://registry.npmjs.org/@marijn/find-cluster-break/-/find-cluster-break-1.0.2.tgz",
      "integrity": "sha512-l0h88YhZFyKdXIFNfSWpyjStDjGHwZ/U7iobcK1cQQD8sejsONdQtTVU+1wVN1PBw40PiiHB1vA5S7VTfQiP9g==",
      "license": "MIT"
    },
    "node_modules/@microsoft/fast-colors": {
      "version": "5.3.1",
      "resolved": "https://registry.npmjs.org/@microsoft/fast-colors/-/fast-colors-5.3.1.tgz",
      "integrity": "sha512-72RZXVfCbwQzvo5sXXkuLXLT7rMeYaSf5r/6ewQiv/trBtqpWRm4DEH2EilHw/iWTBKOXs1qZNQndgUMa5n4LA==",
      "license": "MIT"
    },
    "node_modules/@microsoft/fast-element": {
      "version": "1.14.0",
      "resolved": "https://registry.npmjs.org/@microsoft/fast-element/-/fast-element-1.14.0.tgz",
      "integrity": "sha512-zXvuSOzvsu8zDTy9eby8ix8VqLop2rwKRgp++ZN2kTCsoB3+QJVoaGD2T/Cyso2ViZQFXNpiNCVKfnmxBvmWkQ==",
      "license": "MIT"
    },
    "node_modules/@microsoft/fast-foundation": {
      "version": "2.50.0",
      "resolved": "https://registry.npmjs.org/@microsoft/fast-foundation/-/fast-foundation-2.50.0.tgz",
      "integrity": "sha512-8mFYG88Xea1jZf2TI9Lm/jzZ6RWR8x29r24mGuLojNYqIR2Bl8+hnswoV6laApKdCbGMPKnsAL/O68Q0sRxeVg==",
      "license": "MIT",
      "dependencies": {
        "@microsoft/fast-element": "^1.14.0",
        "@microsoft/fast-web-utilities": "^5.4.1",
        "tabbable": "^5.2.0",
        "tslib": "^1.13.0"
      }
    },
    "node_modules/@microsoft/fast-web-utilities": {
      "version": "5.4.1",
      "resolved": "https://registry.npmjs.org/@microsoft/fast-web-utilities/-/fast-web-utilities-5.4.1.tgz",
      "integrity": "sha512-ReWYncndjV3c8D8iq9tp7NcFNc1vbVHvcBFPME2nNFKNbS1XCesYZGlIlf3ot5EmuOXPlrzUHOWzQ2vFpIkqDg==",
      "license": "MIT",
      "dependencies": {
        "exenv-es6": "^1.1.1"
      }
    },
    "node_modules/@rjsf/core": {
      "version": "5.24.13",
      "resolved": "https://registry.npmjs.org/@rjsf/core/-/core-5.24.13.tgz",
      "integrity": "sha512-ONTr14s7LFIjx2VRFLuOpagL76sM/HPy6/OhdBfq6UukINmTIs6+aFN0GgcR0aXQHFDXQ7f/fel0o/SO05Htdg==",
      "license": "Apache-2.0",
      "dependencies": {
        "lodash": "^4.17.21",
        "lodash-es": "^4.17.21",
        "markdown-to-jsx": "^7.4.1",
        "prop-types": "^15.8.1"
      },
      "engines": {
        "node": ">=14"
      },
      "peerDependencies": {
        "@rjsf/utils": "^5.24.x",
        "react": "^16.14.0 || >=17"
      }
    },
    "node_modules/@rjsf/utils": {
      "version": "5.24.13",
      "resolved": "https://registry.npmjs.org/@rjsf/utils/-/utils-5.24.13.tgz",
      "integrity": "sha512-rNF8tDxIwTtXzz5O/U23QU73nlhgQNYJ+Sv5BAwQOIyhIE2Z3S5tUiSVMwZHt0julkv/Ryfwi+qsD4FiE5rOuw==",
      "license": "Apache-2.0",
      "dependencies": {
        "json-schema-merge-allof": "^0.8.1",
        "jsonpointer": "^5.0.1",
        "lodash": "^4.17.21",
        "lodash-es": "^4.17.21",
        "react-is": "^18.2.0"
      },
      "engines": {
        "node": ">=14"
      },
      "peerDependencies": {
        "react": "^16.14.0 || >=17"
      }
    },
    "node_modules/@types/prop-types": {
      "version": "15.7.15",
      "resolved": "https://registry.npmjs.org/@types/prop-types/-/prop-types-15.7.15.tgz",
      "integrity": "sha512-F6bEyamV9jKGAFBEmlQnesRPGOQqS2+Uwi0Em15xenOxHaf2hv6L8YCVn3rPdPJOiJfPiCnLIRyvwVaqMY3MIw==",
      "license": "MIT"
    },
    "node_modules/@types/react": {
      "version": "18.3.28",
      "resolved": "https://registry.npmjs.org/@types/react/-/react-18.3.28.tgz",
      "integrity": "sha512-z9VXpC7MWrhfWipitjNdgCauoMLRdIILQsAEV+ZesIzBq/oUlxk0m3ApZuMFCXdnS4U7KrI+l3WRUEGQ8K1QKw==",
      "license": "MIT",
      "dependencies": {
        "@types/prop-types": "*",
        "csstype": "^3.2.2"
      }
    },
    "node_modules/ajv": {
      "version": "8.18.0",
      "resolved": "https://registry.npmjs.org/ajv/-/ajv-8.18.0.tgz",
      "integrity": "sha512-PlXPeEWMXMZ7sPYOHqmDyCJzcfNrUr3fGNKtezX14ykXOEIvyK81d+qydx89KY5O71FKMPaQ2vBfBFI5NHR63A==",
      "license": "MIT",
      "dependencies": {
        "fast-deep-equal": "^3.1.3",
        "fast-uri": "^3.0.1",
        "json-schema-traverse": "^1.0.0",
        "require-from-string": "^2.0.2"
      },
      "funding": {
        "type": "github",
        "url": "https://github.com/sponsors/epoberezkin"
      }
    },
    "node_modules/compute-gcd": {
      "version": "1.2.1",
      "resolved": "https://registry.npmjs.org/compute-gcd/-/compute-gcd-1.2.1.tgz",
      "integrity": "sha512-TwMbxBNz0l71+8Sc4czv13h4kEqnchV9igQZBi6QUaz09dnz13juGnnaWWJTRsP3brxOoxeB4SA2WELLw1hCtg==",
      "dependencies": {
        "validate.io-array": "^1.0.3",
        "validate.io-function": "^1.0.2",
        "validate.io-integer-array": "^1.0.0"
      }
    },
    "node_modules/compute-lcm": {
      "version": "1.1.2",
      "resolved": "https://registry.npmjs.org/compute-lcm/-/compute-lcm-1.1.2.tgz",
      "integrity": "sha512-OFNPdQAXnQhDSKioX8/XYT6sdUlXwpeMjfd6ApxMJfyZ4GxmLR1xvMERctlYhlHwIiz6CSpBc2+qYKjHGZw4TQ==",
      "dependencies": {
        "compute-gcd": "^1.2.1",
        "validate.io-array": "^1.0.3",
        "validate.io-function": "^1.0.2",
        "validate.io-integer-array": "^1.0.0"
      }
    },
    "node_modules/csstype": {
      "version": "3.2.3",
      "resolved": "https://registry.npmjs.org/csstype/-/csstype-3.2.3.tgz",
      "integrity": "sha512-z1HGKcYy2xA8AGQfwrn0PAy+PB7X/GSj3UVJW9qKyn43xWa+gl5nXmU4qqLMRzWVLFC8KusUX8T/0kCiOYpAIQ==",
      "license": "MIT"
    },
    "node_modules/deepmerge": {
      "version": "4.3.1",
      "resolved": "https://registry.npmjs.org/deepmerge/-/deepmerge-4.3.1.tgz",
      "integrity": "sha512-3sUqbMEc77XqpdNO7FRyRog+eW3ph+GYCbj+rK+uYyRMuwsVy0rMiVtPn+QJlKFvWP/1PYpapqYn0Me2knFn+A==",
      "license": "MIT",
      "engines": {
        "node": ">=0.10.0"
      }
    },
    "node_modules/dom-serializer": {
      "version": "2.0.0",
      "resolved": "https://registry.npmjs.org/dom-serializer/-/dom-serializer-2.0.0.tgz",
      "integrity": "sha512-wIkAryiqt/nV5EQKqQpo3SToSOV9J0DnbJqwK7Wv/Trc92zIAYZ4FlMu+JPFW1DfGFt81ZTCGgDEabffXeLyJg==",
      "license": "MIT",
      "dependencies": {
        "domelementtype": "^2.3.0",
        "domhandler": "^5.0.2",
        "entities": "^4.2.0"
      },
      "funding": {
        "url": "https://github.com/cheeriojs/dom-serializer?sponsor=1"
      }
    },
    "node_modules/domelementtype": {
      "version": "2.3.0",
      "resolved": "https://registry.npmjs.org/domelementtype/-/domelementtype-2.3.0.tgz",
      "integrity": "sha512-OLETBj6w0OsagBwdXnPdN0cnMfF9opN69co+7ZrbfPGrdpPVNBUj02spi6B1N7wChLQiPn4CSH/zJvXw56gmHw==",
      "funding": [
        {
          "type": "github",
          "url": "https://github.com/sponsors/fb55"
        }
      ],
      "license": "BSD-2-Clause"
    },
    "node_modules/domhandler": {
      "version": "5.0.3",
      "resolved": "https://registry.npmjs.org/domhandler/-/domhandler-5.0.3.tgz",
      "integrity": "sha512-cgwlv/1iFQiFnU96XXgROh8xTeetsnJiDsTc7TYCLFd9+/WNkIqPTxiM/8pSd8VIrhXGTf1Ny1q1hquVqDJB5w==",
      "license": "BSD-2-Clause",
      "dependencies": {
        "domelementtype": "^2.3.0"
      },
      "engines": {
        "node": ">= 4"
      },
      "funding": {
        "url": "https://github.com/fb55/domhandler?sponsor=1"
      }
    },
    "node_modules/domutils": {
      "version": "3.2.2",
      "resolved": "https://registry.npmjs.org/domutils/-/domutils-3.2.2.tgz",
      "integrity": "sha512-6kZKyUajlDuqlHKVX1w7gyslj9MPIXzIFiz/rGu35uC1wMi+kMhQwGhl4lt9unC9Vb9INnY9Z3/ZA3+FhASLaw==",
      "license": "BSD-2-Clause",
      "dependencies": {
        "dom-serializer": "^2.0.0",
        "domelementtype": "^2.3.0",
        "domhandler": "^5.0.3"
      },
      "funding": {
        "url": "https://github.com/fb55/domutils?sponsor=1"
      }
    },
    "node_modules/entities": {
      "version": "4.5.0",
      "resolved": "https://registry.npmjs.org/entities/-/entities-4.5.0.tgz",
      "integrity": "sha512-V0hjH4dGPh9Ao5p0MoRY6BVqtwCjhz6vI5LT8AJ55H+4g9/4vbHx1I54fS0XuclLhDHArPQCiMjDxjaL8fPxhw==",
      "license": "BSD-2-Clause",
      "engines": {
        "node": ">=0.12"
      },
      "funding": {
        "url": "https://github.com/fb55/entities?sponsor=1"
      }
    },
    "node_modules/escape-string-regexp": {
      "version": "4.0.0",
      "resolved": "https://registry.npmjs.org/escape-string-regexp/-/escape-string-regexp-4.0.0.tgz",
      "integrity": "sha512-TtpcNJ3XAzx3Gq8sWRzJaVajRs0uVxA2YAkdb1jm2YkPz4G6egUFAyA3n5vtEIZefPk5Wa4UXbKuS5fKkJWdgA==",
      "license": "MIT",
      "engines": {
        "node": ">=10"
      },
      "funding": {
        "url": "https://github.com/sponsors/sindresorhus"
      }
    },
    "node_modules/exenv-es6": {
      "version": "1.1.1",
      "resolved": "https://registry.npmjs.org/exenv-es6/-/exenv-es6-1.1.1.tgz",
      "integrity": "sha512-vlVu3N8d6yEMpMsEm+7sUBAI81aqYYuEvfK0jNqmdb/OPXzzH7QWDDnVjMvDSY47JdHEqx/dfC/q8WkfoTmpGQ==",
      "license": "MIT"
    },
    "node_modules/fast-deep-equal": {
      "version": "3.1.3",
      "resolved": "https://registry.npmjs.org/fast-deep-equal/-/fast-deep-equal-3.1.3.tgz",
      "integrity": "sha512-f3qQ9oQy9j2AhBe/H9VC91wLmKBCCU/gDOnKNAYG5hswO7BLKj09Hc5HYNz9cGI++xlpDCIgDaitVs03ATR84Q==",
      "license": "MIT"
    },
    "node_modules/fast-uri": {
      "version": "3.1.0",
      "resolved": "https://registry.npmjs.org/fast-uri/-/fast-uri-3.1.0.tgz",
      "integrity": "sha512-iPeeDKJSWf4IEOasVVrknXpaBV0IApz/gp7S2bb7Z4Lljbl2MGJRqInZiUrQwV16cpzw/D3S5j5Julj/gT52AA==",
      "funding": [
        {
          "type": "github",
          "url": "https://github.com/sponsors/fastify"
        },
        {
          "type": "opencollective",
          "url": "https://opencollective.com/fastify"
        }
      ],
      "license": "BSD-3-Clause"
    },
    "node_modules/free-style": {
      "version": "3.1.0",
      "resolved": "https://registry.npmjs.org/free-style/-/free-style-3.1.0.tgz",
      "integrity": "sha512-vJujYSIyT30iDoaoeigNAxX4yB1RUrh+N2ZMhIElMr3BvCuGXOw7XNJMEEJkDUeamK2Rnb/IKFGKRKlTWIGRWA==",
      "license": "MIT"
    },
    "node_modules/htmlparser2": {
      "version": "8.0.2",
      "resolved": "https://registry.npmjs.org/htmlparser2/-/htmlparser2-8.0.2.tgz",
      "integrity": "sha512-GYdjWKDkbRLkZ5geuHs5NY1puJ+PXwP7+fHPRz06Eirsb9ugf6d8kkXav6ADhcODhFFPMIXyxkxSuMf3D6NCFA==",
      "funding": [
        "https://github.com/fb55/htmlparser2?sponsor=1",
        {
          "type": "github",
          "url": "https://github.com/sponsors/fb55"
        }
      ],
      "license": "MIT",
      "dependencies": {
        "domelementtype": "^2.3.0",
        "domhandler": "^5.0.3",
        "domutils": "^3.0.1",
        "entities": "^4.4.0"
      }
    },
    "node_modules/is-plain-object": {
      "version": "5.0.0",
      "resolved": "https://registry.npmjs.org/is-plain-object/-/is-plain-object-5.0.0.tgz",
      "integrity": "sha512-VRSzKkbMm5jMDoKLbltAkFQ5Qr7VDiTFGXxYFXXowVj387GeGNOCsOH6Msy00SGZ3Fp84b1Naa1psqgcCIEP5Q==",
      "license": "MIT",
      "engines": {
        "node": ">=0.10.0"
      }
    },
    "node_modules/isomorphic.js": {
      "version": "0.2.5",
      "resolved": "https://registry.npmjs.org/isomorphic.js/-/isomorphic.js-0.2.5.tgz",
      "integrity": "sha512-PIeMbHqMt4DnUP3MA/Flc0HElYjMXArsw1qwJZcm9sqR8mq3l8NYizFMty0pWwE/tzIGH3EKK5+jes5mAr85yw==",
      "license": "MIT",
      "funding": {
        "type": "GitHub Sponsors ❤",
        "url": "https://github.com/sponsors/dmonad"
      }
    },
    "node_modules/js-tokens": {
      "version": "4.0.0",
      "resolved": "https://registry.npmjs.org/js-tokens/-/js-tokens-4.0.0.tgz",
      "integrity": "sha512-RdJUflcE3cUzKiMqQgsCu06FPu9UdIJO0beYbPhHN4k6apgJtifcoCtT9bcxOpYBtpD2kCM6Sbzg4CausW/PKQ==",
      "license": "MIT"
    },
    "node_modules/json-schema-compare": {
      "version": "0.2.2",
      "resolved": "https://registry.npmjs.org/json-schema-compare/-/json-schema-compare-0.2.2.tgz",
      "integrity": "sha512-c4WYmDKyJXhs7WWvAWm3uIYnfyWFoIp+JEoX34rctVvEkMYCPGhXtvmFFXiffBbxfZsvQ0RNnV5H7GvDF5HCqQ==",
      "license": "MIT",
      "dependencies": {
        "lodash": "^4.17.4"
      }
    },
    "node_modules/json-schema-merge-allof": {
      "version": "0.8.1",
      "resolved": "https://registry.npmjs.org/json-schema-merge-allof/-/json-schema-merge-allof-0.8.1.tgz",
      "integrity": "sha512-CTUKmIlPJbsWfzRRnOXz+0MjIqvnleIXwFTzz+t9T86HnYX/Rozria6ZVGLktAU9e+NygNljveP+yxqtQp/Q4w==",
      "license": "MIT",
      "dependencies": {
        "compute-lcm": "^1.1.2",
        "json-schema-compare": "^0.2.2",
        "lodash": "^4.17.20"
      },
      "engines": {
        "node": ">=12.0.0"
      }
    },
    "node_modules/json-schema-traverse": {
      "version": "1.0.0",
      "resolved": "https://registry.npmjs.org/json-schema-traverse/-/json-schema-traverse-1.0.0.tgz",
      "integrity": "sha512-NM8/P9n3XjXhIZn1lLhkFaACTOURQXjWhV4BA/RnOv8xvgqtqpAX9IO4mRQxSx1Rlo4tqzeqb0sOlruaOy3dug==",
      "license": "MIT"
    },
    "node_modules/json5": {
      "version": "2.2.3",
      "resolved": "https://registry.npmjs.org/json5/-/json5-2.2.3.tgz",
      "integrity": "sha512-XmOWe7eyHYH14cLdVPoyg+GOH3rYX++KpzrylJwSW98t3Nk+U8XOl8FWKOgwtzdb8lXGf6zYwDUzeHMWfxasyg==",
      "license": "MIT",
      "bin": {
        "json5": "lib/cli.js"
      },
      "engines": {
        "node": ">=6"
      }
    },
    "node_modules/jsonpointer": {
      "version": "5.0.1",
      "resolved": "https://registry.npmjs.org/jsonpointer/-/jsonpointer-5.0.1.tgz",
      "integrity": "sha512-p/nXbhSEcu3pZRdkW1OfJhpsVtW1gd4Wa1fnQc9YLiTfAjn0312eMKimbdIQzuZl9aa9xUGaRlP9T/CJE/ditQ==",
      "license": "MIT",
      "engines": {
        "node": ">=0.10.0"
      }
    },
    "node_modules/lib0": {
      "version": "0.2.117",
      "resolved": "https://registry.npmjs.org/lib0/-/lib0-0.2.117.tgz",
      "integrity": "sha512-DeXj9X5xDCjgKLU/7RR+/HQEVzuuEUiwldwOGsHK/sfAfELGWEyTcf0x+uOvCvK3O2zPmZePXWL85vtia6GyZw==",
      "license": "MIT",
      "dependencies": {
        "isomorphic.js": "^0.2.4"
      },
      "bin": {
        "0ecdsa-generate-keypair": "bin/0ecdsa-generate-keypair.js",
        "0gentesthtml": "bin/gentesthtml.js",
        "0serve": "bin/0serve.js"
      },
      "engines": {
        "node": ">=16"
      },
      "funding": {
        "type": "GitHub Sponsors ❤",
        "url": "https://github.com/sponsors/dmonad"
      }
    },
    "node_modules/lodash": {
      "version": "4.17.23",
      "resolved": "https://registry.npmjs.org/lodash/-/lodash-4.17.23.tgz",
      "integrity": "sha512-LgVTMpQtIopCi79SJeDiP0TfWi5CNEc/L/aRdTh3yIvmZXTnheWpKjSZhnvMl8iXbC1tFg9gdHHDMLoV7CnG+w==",
      "license": "MIT"
    },
    "node_modules/lodash-es": {
      "version": "4.17.23",
      "resolved": "https://registry.npmjs.org/lodash-es/-/lodash-es-4.17.23.tgz",
      "integrity": "sha512-kVI48u3PZr38HdYz98UmfPnXl2DXrpdctLrFLCd3kOx1xUkOmpFPx7gCWWM5MPkL/fD8zb+Ph0QzjGFs4+hHWg==",
      "license": "MIT"
    },
    "node_modules/lodash.escape": {
      "version": "4.0.1",
      "resolved": "https://registry.npmjs.org/lodash.escape/-/lodash.escape-4.0.1.tgz",
      "integrity": "sha512-nXEOnb/jK9g0DYMr1/Xvq6l5xMD7GDG55+GSYIYmS0G4tBk/hURD4JR9WCavs04t33WmJx9kCyp9vJ+mr4BOUw==",
      "license": "MIT"
    },
    "node_modules/loose-envify": {
      "version": "1.4.0",
      "resolved": "https://registry.npmjs.org/loose-envify/-/loose-envify-1.4.0.tgz",
      "integrity": "sha512-lyuxPGr/Wfhrlem2CL/UcnUc1zcqKAImBDzukY7Y5F/yQiNdko6+fRLevlw1HgMySw7f611UIY408EtxRSoK3Q==",
      "license": "MIT",
      "dependencies": {
        "js-tokens": "^3.0.0 || ^4.0.0"
      },
      "bin": {
        "loose-envify": "cli.js"
      }
    },
    "node_modules/markdown-to-jsx": {
      "version": "7.7.17",
      "resolved": "https://registry.npmjs.org/markdown-to-jsx/-/markdown-to-jsx-7.7.17.tgz",
      "integrity": "sha512-7mG/1feQ0TX5I7YyMZVDgCC/y2I3CiEhIRQIhyov9nGBP5eoVrOXXHuL5ZP8GRfxVZKRiXWJgwXkb9It+nQZfQ==",
      "license": "MIT",
      "engines": {
        "node": ">= 10"
      },
      "peerDependencies": {
        "react": ">= 0.14.0"
      },
      "peerDependenciesMeta": {
        "react": {
          "optional": true
        }
      }
    },
    "node_modules/minimist": {
      "version": "1.2.8",
      "resolved": "https://registry.npmjs.org/minimist/-/minimist-1.2.8.tgz",
      "integrity": "sha512-2yyAR8qBkN3YuheJanUpWC5U3bb5osDywNB8RzDVlDwDHbocAJveqqj1u8+SVD7jkWT4yvsHCpWqqWqAxb0zCA==",
      "license": "MIT",
      "funding": {
        "url": "https://github.com/sponsors/ljharb"
      }
    },
    "node_modules/nanoid": {
      "version": "3.3.11",
      "resolved": "https://registry.npmjs.org/nanoid/-/nanoid-3.3.11.tgz",
      "integrity": "sha512-N8SpfPUnUp1bK+PMYW8qSWdl9U+wwNWI4QKxOYDy9JAro3WMX7p2OeVRF9v+347pnakNevPmiHhNmZ2HbFA76w==",
      "funding": [
        {
          "type": "github",
          "url": "https://github.com/sponsors/ai"
        }
      ],
      "license": "MIT",
      "bin": {
        "nanoid": "bin/nanoid.cjs"
      },
      "engines": {
        "node": "^10 || ^12 || ^13.7 || ^14 || >=15.0.1"
      }
    },
    "node_modules/object-assign": {
      "version": "4.1.1",
      "resolved": "https://registry.npmjs.org/object-assign/-/object-assign-4.1.1.tgz",
      "integrity": "sha512-rJgTQnkUnH1sFw8yT6VSU3zD3sWmu6sZhIseY8VX+GRu3P6F7Fu+JNDoXfklElbLJSnc3FUQHVe4cU5hj+BcUg==",
      "license": "MIT",
      "engines": {
        "node": ">=0.10.0"
      }
    },
    "node_modules/parse-srcset": {
      "version": "1.0.2",
      "resolved": "https://registry.npmjs.org/parse-srcset/-/parse-srcset-1.0.2.tgz",
      "integrity": "sha512-/2qh0lav6CmI15FzA3i/2Bzk2zCgQhGMkvhOhKNcBVQ1ldgpbfiNTVslmooUmWJcADi1f1kIeynbDRVzNlfR6Q==",
      "license": "MIT"
    },
    "node_modules/path-browserify": {
      "version": "1.0.1",
      "resolved": "https://registry.npmjs.org/path-browserify/-/path-browserify-1.0.1.tgz",
      "integrity": "sha512-b7uo2UCUOYZcnF/3ID0lulOJi/bafxa1xPe7ZPsammBSpjSWQkjNxlt635YGS2MiR9GjvuXCtz2emr3jbsz98g==",
      "license": "MIT"
    },
    "node_modules/picocolors": {
      "version": "1.1.1",
      "resolved": "https://registry.npmjs.org/picocolors/-/picocolors-1.1.1.tgz",
      "integrity": "sha512-xceH2snhtb5M9liqDsmEw56le376mTZkEX/jEb/RxNFyegNul7eNslCXP9FDj/Lcu0X8KEyMceP2ntpaHrDEVA==",
      "license": "ISC"
    },
    "node_modules/postcss": {
      "version": "8.5.8",
      "resolved": "https://registry.npmjs.org/postcss/-/postcss-8.5.8.tgz",
      "integrity": "sha512-OW/rX8O/jXnm82Ey1k44pObPtdblfiuWnrd8X7GJ7emImCOstunGbXUpp7HdBrFQX6rJzn3sPT397Wp5aCwCHg==",
      "funding": [
        {
          "type": "opencollective",
          "url": "https://opencollective.com/postcss/"
        },
        {
          "type": "tidelift",
          "url": "https://tidelift.com/funding/github/npm/postcss"
        },
        {
          "type": "github",
          "url": "https://github.com/sponsors/ai"
        }
      ],
      "license": "MIT",
      "dependencies": {
        "nanoid": "^3.3.11",
        "picocolors": "^1.1.1",
        "source-map-js": "^1.2.1"
      },
      "engines": {
        "node": "^10 || ^12 || >=14"
      }
    },
    "node_modules/prop-types": {
      "version": "15.8.1",
      "resolved": "https://registry.npmjs.org/prop-types/-/prop-types-15.8.1.tgz",
      "integrity": "sha512-oj87CgZICdulUohogVAR7AjlC0327U4el4L6eAvOqCeudMDVU0NThNaV+b9Df4dXgSP1gXMTnPdhfe/2qDH5cg==",
      "license": "MIT",
      "dependencies": {
        "loose-envify": "^1.4.0",
        "object-assign": "^4.1.1",
        "react-is": "^16.13.1"
      }
    },
    "node_modules/prop-types/node_modules/react-is": {
      "version": "16.13.1",
      "resolved": "https://registry.npmjs.org/react-is/-/react-is-16.13.1.tgz",
      "integrity": "sha512-24e6ynE2H+OKt4kqsOvNd8kBpV65zoxbA4BVsEOB3ARVWQki/DHzaUoC5KuON/BiccDaCCTZBuOcfZs70kR8bQ==",
      "license": "MIT"
    },
    "node_modules/querystringify": {
      "version": "2.2.0",
      "resolved": "https://registry.npmjs.org/querystringify/-/querystringify-2.2.0.tgz",
      "integrity": "sha512-FIqgj2EUvTa7R50u0rGsyTftzjYmv/a3hO345bZNrqabNqjtgiDMgmo4mkUjd+nzU5oF3dClKqFIPUKybUyqoQ==",
      "license": "MIT"
    },
    "node_modules/react": {
      "version": "18.3.1",
      "resolved": "https://registry.npmjs.org/react/-/react-18.3.1.tgz",
      "integrity": "sha512-wS+hAgJShR0KhEvPJArfuPVN1+Hz1t0Y6n5jLrGQbkb4urgPE/0Rve+1kMB1v/oWgHgm4WIcV+i7F2pTVj+2iQ==",
      "license": "MIT",
      "dependencies": {
        "loose-envify": "^1.1.0"
      },
      "engines": {
        "node": ">=0.10.0"
      }
    },
    "node_modules/react-dom": {
      "version": "18.3.1",
      "resolved": "https://registry.npmjs.org/react-dom/-/react-dom-18.3.1.tgz",
      "integrity": "sha512-5m4nQKp+rZRb09LNH59GM4BxTh9251/ylbKIbpe7TpGxfJ+9kv6BLkLBXIjjspbgbnIBNqlI23tRnTWT0snUIw==",
      "license": "MIT",
      "dependencies": {
        "loose-envify": "^1.1.0",
        "scheduler": "^0.23.2"
      },
      "peerDependencies": {
        "react": "^18.3.1"
      }
    },
    "node_modules/react-is": {
      "version": "18.3.1",
      "resolved": "https://registry.npmjs.org/react-is/-/react-is-18.3.1.tgz",
      "integrity": "sha512-/LLMVyas0ljjAtoYiPqYiL8VWXzUUdThrmU5+n20DZv+a+ClRoevUzw5JxU+Ieh5/c87ytoTBV9G1FiKfNJdmg==",
      "license": "MIT"
    },
    "node_modules/require-from-string": {
      "version": "2.0.2",
      "resolved": "https://registry.npmjs.org/require-from-string/-/require-from-string-2.0.2.tgz",
      "integrity": "sha512-Xf0nWe6RseziFMu+Ap9biiUbmplq6S9/p+7w7YXP/JBHhrUDDUhwa+vANyubuqfZWTveU//DYVGsDG7RKL/vEw==",
      "license": "MIT",
      "engines": {
        "node": ">=0.10.0"
      }
    },
    "node_modules/requires-port": {
      "version": "1.0.0",
      "resolved": "https://registry.npmjs.org/requires-port/-/requires-port-1.0.0.tgz",
      "integrity": "sha512-KigOCHcocU3XODJxsu8i/j8T9tzT4adHiecwORRQ0ZZFcp7ahwXuRU1m+yuO90C5ZUyGeGfocHDI14M3L3yDAQ==",
      "license": "MIT"
    },
    "node_modules/sanitize-html": {
      "version": "2.12.1",
      "resolved": "https://registry.npmjs.org/sanitize-html/-/sanitize-html-2.12.1.tgz",
      "integrity": "sha512-Plh+JAn0UVDpBRP/xEjsk+xDCoOvMBwQUf/K+/cBAVuTbtX8bj2VB7S1sL1dssVpykqp0/KPSesHrqXtokVBpA==",
      "license": "MIT",
      "dependencies": {
        "deepmerge": "^4.2.2",
        "escape-string-regexp": "^4.0.0",
        "htmlparser2": "^8.0.0",
        "is-plain-object": "^5.0.0",
        "parse-srcset": "^1.0.2",
        "postcss": "^8.3.11"
      }
    },
    "node_modules/scheduler": {
      "version": "0.23.2",
      "resolved": "https://registry.npmjs.org/scheduler/-/scheduler-0.23.2.tgz",
      "integrity": "sha512-UOShsPwz7NrMUqhR6t0hWjFduvOzbtv7toDH1/hIrfRNIDBnnBWd0CwJTGvTpngVlmwGCdP9/Zl/tVrDqcuYzQ==",
      "license": "MIT",
      "dependencies": {
        "loose-envify": "^1.1.0"
      }
    },
    "node_modules/source-map-js": {
      "version": "1.2.1",
      "resolved": "https://registry.npmjs.org/source-map-js/-/source-map-js-1.2.1.tgz",
      "integrity": "sha512-UXWMKhLOwVKb728IUtQPXxfYU+usdybtUrK/8uGE8CQMvrhOpwvzDBwj0QhSL7MQc7vIsISBG8VQ8+IDQxpfQA==",
      "license": "BSD-3-Clause",
      "engines": {
        "node": ">=0.10.0"
      }
    },
    "node_modules/tabbable": {
      "version": "5.3.3",
      "resolved": "https://registry.npmjs.org/tabbable/-/tabbable-5.3.3.tgz",
      "integrity": "sha512-QD9qKY3StfbZqWOPLp0++pOrAVb/HbUi5xCc8cUo4XjP19808oaMiDzn0leBY5mCespIBM0CIZePzZjgzR83kA==",
      "license": "MIT"
    },
    "node_modules/tslib": {
      "version": "1.14.1",
      "resolved": "https://registry.npmjs.org/tslib/-/tslib-1.14.1.tgz",
      "integrity": "sha512-Xni35NKzjgMrwevysHTCArtLDpPvye8zV/0E4EyYn43P7/7qvQwPh9BGkHewbMulVntbigmcT7rdX3BNo9wRJg==",
      "license": "0BSD"
    },
    "node_modules/typestyle": {
      "version": "2.4.0",
      "resolved": "https://registry.npmjs.org/typestyle/-/typestyle-2.4.0.tgz",
      "integrity": "sha512-/d1BL6Qi+YlMLEydnUEB8KL/CAjAN8cyt3/UyGnOyBrWf7bLGcR/6yhmsaUstO2IcYwZfagjE7AIzuI2vUW9mg==",
      "license": "MIT",
      "dependencies": {
        "csstype": "3.0.10",
        "free-style": "3.1.0"
      }
    },
    "node_modules/typestyle/node_modules/csstype": {
      "version": "3.0.10",
      "resolved": "https://registry.npmjs.org/csstype/-/csstype-3.0.10.tgz",
      "integrity": "sha512-2u44ZG2OcNUO9HDp/Jl8C07x6pU/eTR3ncV91SiK3dhG9TWvRVsCoJw14Ckx5DgWkzGA3waZWO3d7pgqpUI/XA==",
      "license": "MIT"
    },
    "node_modules/url-parse": {
      "version": "1.5.10",
      "resolved": "https://registry.npmjs.org/url-parse/-/url-parse-1.5.10.tgz",
      "integrity": "sha512-WypcfiRhfeUP9vvF0j6rw0J3hrWrw6iZv3+22h6iRMJ/8z1Tj6XfLP4DsUix5MhMPnXpiHDoKyoZ/bdCkwBCiQ==",
      "license": "MIT",
      "dependencies": {
        "querystringify": "^2.1.1",
        "requires-port": "^1.0.0"
      }
    },
    "node_modules/validate.io-array": {
      "version": "1.0.6",
      "resolved": "https://registry.npmjs.org/validate.io-array/-/validate.io-array-1.0.6.tgz",
      "integrity": "sha512-DeOy7CnPEziggrOO5CZhVKJw6S3Yi7e9e65R1Nl/RTN1vTQKnzjfvks0/8kQ40FP/dsjRAOd4hxmJ7uLa6vxkg==",
      "license": "MIT"
    },
    "node_modules/validate.io-function": {
      "version": "1.0.2",
      "resolved": "https://registry.npmjs.org/validate.io-function/-/validate.io-function-1.0.2.tgz",
      "integrity": "sha512-LlFybRJEriSuBnUhQyG5bwglhh50EpTL2ul23MPIuR1odjO7XaMLFV8vHGwp7AZciFxtYOeiSCT5st+XSPONiQ=="
    },
    "node_modules/validate.io-integer": {
      "version": "1.0.5",
      "resolved": "https://registry.npmjs.org/validate.io-integer/-/validate.io-integer-1.0.5.tgz",
      "integrity": "sha512-22izsYSLojN/P6bppBqhgUDjCkr5RY2jd+N2a3DCAUey8ydvrZ/OkGvFPR7qfOpwR2LC5p4Ngzxz36g5Vgr/hQ==",
      "dependencies": {
        "validate.io-number": "^1.0.3"
      }
    },
    "node_modules/validate.io-integer-array": {
      "version": "1.0.0",
      "resolved": "https://registry.npmjs.org/validate.io-integer-array/-/validate.io-integer-array-1.0.0.tgz",
      "integrity": "sha512-mTrMk/1ytQHtCY0oNO3dztafHYyGU88KL+jRxWuzfOmQb+4qqnWmI+gykvGp8usKZOM0H7keJHEbRaFiYA0VrA==",
      "dependencies": {
        "validate.io-array": "^1.0.3",
        "validate.io-integer": "^1.0.4"
      }
    },
    "node_modules/validate.io-number": {
      "version": "1.0.3",
      "resolved": "https://registry.npmjs.org/validate.io-number/-/validate.io-number-1.0.3.tgz",
      "integrity": "sha512-kRAyotcbNaSYoDnXvb4MHg/0a1egJdLwS6oJ38TJY7aw9n93Fl/3blIXdyYvPOp55CNxywooG/3BcrwNrBpcSg=="
    },
    "node_modules/ws": {
      "version": "8.19.0",
      "resolved": "https://registry.npmjs.org/ws/-/ws-8.19.0.tgz",
      "integrity": "sha512-blAT2mjOEIi0ZzruJfIhb3nps74PRWTCz1IjglWEEpQl5XS/UNama6u2/rjFkDDouqr4L67ry+1aGIALViWjDg==",
      "license": "MIT",
      "engines": {
        "node": ">=10.0.0"
      },
      "peerDependencies": {
        "bufferutil": "^4.0.1",
        "utf-8-validate": ">=5.0.2"
      },
      "peerDependenciesMeta": {
        "bufferutil": {
          "optional": true
        },
        "utf-8-validate": {
          "optional": true
        }
      }
    },
    "node_modules/y-protocols": {
      "version": "1.0.7",
      "resolved": "https://registry.npmjs.org/y-protocols/-/y-protocols-1.0.7.tgz",
      "integrity": "sha512-YSVsLoXxO67J6eE/nV4AtFtT3QEotZf5sK5BHxFBXso7VDUT3Tx07IfA6hsu5Q5OmBdMkQVmFZ9QOA7fikWvnw==",
      "license": "MIT",
      "dependencies": {
        "lib0": "^0.2.85"
      },
      "engines": {
        "node": ">=16.0.0",
        "npm": ">=8.0.0"
      },
      "funding": {
        "type": "GitHub Sponsors ❤",
        "url": "https://github.com/sponsors/dmonad"
      },
      "peerDependencies": {
        "yjs": "^13.0.0"
      }
    },
    "node_modules/yjs": {
      "version": "13.6.29",
      "resolved": "https://registry.npmjs.org/yjs/-/yjs-13.6.29.tgz",
      "integrity": "sha512-kHqDPdltoXH+X4w1lVmMtddE3Oeqq48nM40FD5ojTd8xYhQpzIDcfE2keMSU5bAgRPJBe225WTUdyUgj1DtbiQ==",
      "license": "MIT",
      "dependencies": {
        "lib0": "^0.2.99"
      },
      "engines": {
        "node": ">=16.0.0",
        "npm": ">=8.0.0"
      },
      "funding": {
        "type": "GitHub Sponsors ❤",
        "url": "https://github.com/sponsors/dmonad"
      }
    }
  }
}
